// !$*UTF8*$!
{
	archiveVersion = 1;
	classes = {
	};
	objectVersion = 46;
	objects = {

/* Begin PBXBuildFile section */
		0A8FBF7C179E07320039BA29 /* png.c in Sources */ = {isa = PBXBuildFile; fileRef = 0A8FBF4A179DF0B80039BA29 /* png.c */; };
		0A8FBF7D179E07320039BA29 /* pngerror.c in Sources */ = {isa = PBXBuildFile; fileRef = 0A8FBF4B179DF0B80039BA29 /* pngerror.c */; };
		0A8FBF7E179E07320039BA29 /* pngget.c in Sources */ = {isa = PBXBuildFile; fileRef = 0A8FBF4C179DF0B80039BA29 /* pngget.c */; };
		0A8FBF7F179E07320039BA29 /* pngmem.c in Sources */ = {isa = PBXBuildFile; fileRef = 0A8FBF4E179DF0B80039BA29 /* pngmem.c */; };
		0A8FBF80179E07320039BA29 /* pngpread.c in Sources */ = {isa = PBXBuildFile; fileRef = 0A8FBF4F179DF0B80039BA29 /* pngpread.c */; };
		0A8FBF81179E07320039BA29 /* pngread.c in Sources */ = {isa = PBXBuildFile; fileRef = 0A8FBF50179DF0B80039BA29 /* pngread.c */; };
		0A8FBF82179E07320039BA29 /* pngrio.c in Sources */ = {isa = PBXBuildFile; fileRef = 0A8FBF51179DF0B80039BA29 /* pngrio.c */; };
		0A8FBF83179E07320039BA29 /* pngrtran.c in Sources */ = {isa = PBXBuildFile; fileRef = 0A8FBF52179DF0B80039BA29 /* pngrtran.c */; };
		0A8FBF84179E07320039BA29 /* pngrutil.c in Sources */ = {isa = PBXBuildFile; fileRef = 0A8FBF53179DF0B80039BA29 /* pngrutil.c */; };
		0A8FBF85179E07320039BA29 /* pngset.c in Sources */ = {isa = PBXBuildFile; fileRef = 0A8FBF54179DF0B80039BA29 /* pngset.c */; };
		0A8FBF86179E07320039BA29 /* pngtrans.c in Sources */ = {isa = PBXBuildFile; fileRef = 0A8FBF55179DF0B80039BA29 /* pngtrans.c */; };
		0A8FBF87179E07320039BA29 /* pngwio.c in Sources */ = {isa = PBXBuildFile; fileRef = 0A8FBF56179DF0B80039BA29 /* pngwio.c */; };
		0A8FBF88179E07320039BA29 /* pngwrite.c in Sources */ = {isa = PBXBuildFile; fileRef = 0A8FBF57179DF0B80039BA29 /* pngwrite.c */; };
		0A8FBF89179E07320039BA29 /* pngwtran.c in Sources */ = {isa = PBXBuildFile; fileRef = 0A8FBF58179DF0B80039BA29 /* pngwtran.c */; };
		0A8FBF8A179E07320039BA29 /* pngwutil.c in Sources */ = {isa = PBXBuildFile; fileRef = 0A8FBF59179DF0B80039BA29 /* pngwutil.c */; };
		0A8FBF8D179E07440039BA29 /* platform_asset_utils.m in Sources */ = {isa = PBXBuildFile; fileRef = 0A8FBF6D179DF3850039BA29 /* platform_asset_utils.m */; };
		0A8FBF8E179E07440039BA29 /* AppDelegate.m in Sources */ = {isa = PBXBuildFile; fileRef = 0ADF188B178E2185005DA99E /* AppDelegate.m */; };
		0A8FBF90179E07440039BA29 /* main.m in Sources */ = {isa = PBXBuildFile; fileRef = 0ADF1887178E2185005DA99E /* main.m */; };
		0ADF1878178E2185005DA99E /* UIKit.framework in Frameworks */ = {isa = PBXBuildFile; fileRef = 0ADF1877178E2185005DA99E /* UIKit.framework */; };
		0ADF187A178E2185005DA99E /* Foundation.framework in Frameworks */ = {isa = PBXBuildFile; fileRef = 0ADF1879178E2185005DA99E /* Foundation.framework */; };
		0ADF187C178E2185005DA99E /* CoreGraphics.framework in Frameworks */ = {isa = PBXBuildFile; fileRef = 0ADF187B178E2185005DA99E /* CoreGraphics.framework */; };
		0ADF187E178E2185005DA99E /* GLKit.framework in Frameworks */ = {isa = PBXBuildFile; fileRef = 0ADF187D178E2185005DA99E /* GLKit.framework */; };
		0ADF1880178E2185005DA99E /* OpenGLES.framework in Frameworks */ = {isa = PBXBuildFile; fileRef = 0ADF187F178E2185005DA99E /* OpenGLES.framework */; };
		0ADF1886178E2185005DA99E /* InfoPlist.strings in Resources */ = {isa = PBXBuildFile; fileRef = 0ADF1884178E2185005DA99E /* InfoPlist.strings */; };
		0ADF1895178E2185005DA99E /* MainStoryboard_iPhone.storyboard in Resources */ = {isa = PBXBuildFile; fileRef = 0ADF1893178E2185005DA99E /* MainStoryboard_iPhone.storyboard */; };
		0ADF1898178E2185005DA99E /* MainStoryboard_iPad.storyboard in Resources */ = {isa = PBXBuildFile; fileRef = 0ADF1896178E2185005DA99E /* MainStoryboard_iPad.storyboard */; };
		BB09703619C3A3180086B30F /* CoreFoundation.framework in Frameworks */ = {isa = PBXBuildFile; fileRef = BB09703519C3A3180086B30F /* CoreFoundation.framework */; };
		BB12EDD21A1CF6D1006D385B /* MediaPlayer.framework in Frameworks */ = {isa = PBXBuildFile; fileRef = BB12EDD11A1CF6D1006D385B /* MediaPlayer.framework */; };
		BB12EDD41A1CF6D9006D385B /* QuartzCore.framework in Frameworks */ = {isa = PBXBuildFile; fileRef = BB12EDD31A1CF6D9006D385B /* QuartzCore.framework */; };
		BB40F60E1A1F9A9F004C7562 /* libc++.dylib in Frameworks */ = {isa = PBXBuildFile; fileRef = BB12EDD71A1CF6F1006D385B /* libc++.dylib */; };
		BB59B1781B94AC8900445BB9 /* Entity.cpp in Sources */ = {isa = PBXBuildFile; fileRef = BB59B0CC1B94AC8800445BB9 /* Entity.cpp */; };
		BB59B1791B94AC8900445BB9 /* EntityManager.cpp in Sources */ = {isa = PBXBuildFile; fileRef = BB59B0CE1B94AC8800445BB9 /* EntityManager.cpp */; };
		BB59B17A1B94AC8900445BB9 /* PhysicalEntity.cpp in Sources */ = {isa = PBXBuildFile; fileRef = BB59B0D01B94AC8800445BB9 /* PhysicalEntity.cpp */; };
		BB59B1801B94AC8900445BB9 /* Circle.cpp in Sources */ = {isa = PBXBuildFile; fileRef = BB59B0E01B94AC8800445BB9 /* Circle.cpp */; };
		BB59B1811B94AC8900445BB9 /* Line.cpp in Sources */ = {isa = PBXBuildFile; fileRef = BB59B0E21B94AC8800445BB9 /* Line.cpp */; };
		BB59B1821B94AC8900445BB9 /* OverlapTester.cpp in Sources */ = {isa = PBXBuildFile; fileRef = BB59B0E41B94AC8800445BB9 /* OverlapTester.cpp */; };
		BB59B1831B94AC8900445BB9 /* Rectangle.cpp in Sources */ = {isa = PBXBuildFile; fileRef = BB59B0E61B94AC8800445BB9 /* Rectangle.cpp */; };
		BB59B1841B94AC8900445BB9 /* Triangle.cpp in Sources */ = {isa = PBXBuildFile; fileRef = BB59B0E81B94AC8800445BB9 /* Triangle.cpp */; };
		BB59B1851B94AC8900445BB9 /* Vector2D.cpp in Sources */ = {isa = PBXBuildFile; fileRef = BB59B0EA1B94AC8800445BB9 /* Vector2D.cpp */; };
		BB59B18E1B94AC8900445BB9 /* CircleBatcher.cpp in Sources */ = {isa = PBXBuildFile; fileRef = BB59B1041B94AC8800445BB9 /* CircleBatcher.cpp */; };
		BB59B19B1B94AC8900445BB9 /* DummyGpuProgramWrapper.cpp in Sources */ = {isa = PBXBuildFile; fileRef = BB59B11C1B94AC8800445BB9 /* DummyGpuProgramWrapper.cpp */; };
		BB59B19C1B94AC8900445BB9 /* Font.cpp in Sources */ = {isa = PBXBuildFile; fileRef = BB59B11E1B94AC8800445BB9 /* Font.cpp */; };
		BB59B19D1B94AC8900445BB9 /* GpuProgramWrapper.cpp in Sources */ = {isa = PBXBuildFile; fileRef = BB59B1201B94AC8800445BB9 /* GpuProgramWrapper.cpp */; };
		BB59B19E1B94AC8900445BB9 /* LineBatcher.cpp in Sources */ = {isa = PBXBuildFile; fileRef = BB59B1221B94AC8800445BB9 /* LineBatcher.cpp */; };
		BB59B19F1B94AC8900445BB9 /* asset_utils.c in Sources */ = {isa = PBXBuildFile; fileRef = BB59B1251B94AC8800445BB9 /* asset_utils.c */; };
		BB59B1A01B94AC8900445BB9 /* color_shader.fsh in Resources */ = {isa = PBXBuildFile; fileRef = BB59B1271B94AC8800445BB9 /* color_shader.fsh */; };
		BB59B1A11B94AC8900445BB9 /* color_shader.vsh in Resources */ = {isa = PBXBuildFile; fileRef = BB59B1281B94AC8800445BB9 /* color_shader.vsh */; };
		BB59B1A21B94AC8900445BB9 /* ColorProgram.cpp in Sources */ = {isa = PBXBuildFile; fileRef = BB59B1291B94AC8800445BB9 /* ColorProgram.cpp */; };
		BB59B1A31B94AC8900445BB9 /* image.c in Sources */ = {isa = PBXBuildFile; fileRef = BB59B12B1B94AC8800445BB9 /* image.c */; };
		BB59B1A41B94AC8900445BB9 /* OpenGLESCircleBatcher.cpp in Sources */ = {isa = PBXBuildFile; fileRef = BB59B12E1B94AC8800445BB9 /* OpenGLESCircleBatcher.cpp */; };
		BB59B1A51B94AC8900445BB9 /* OpenGLESGeometryGpuProgramWrapper.cpp in Sources */ = {isa = PBXBuildFile; fileRef = BB59B1301B94AC8800445BB9 /* OpenGLESGeometryGpuProgramWrapper.cpp */; };
		BB59B1A61B94AC8900445BB9 /* OpenGLESLineBatcher.cpp in Sources */ = {isa = PBXBuildFile; fileRef = BB59B1321B94AC8800445BB9 /* OpenGLESLineBatcher.cpp */; };
		BB59B1A71B94AC8900445BB9 /* OpenGLESManager.cpp in Sources */ = {isa = PBXBuildFile; fileRef = BB59B1341B94AC8800445BB9 /* OpenGLESManager.cpp */; };
		BB59B1A81B94AC8900445BB9 /* OpenGLESRectangleBatcher.cpp in Sources */ = {isa = PBXBuildFile; fileRef = BB59B1361B94AC8800445BB9 /* OpenGLESRectangleBatcher.cpp */; };
		BB59B1A91B94AC8900445BB9 /* OpenGLESSpriteBatcher.cpp in Sources */ = {isa = PBXBuildFile; fileRef = BB59B1381B94AC8800445BB9 /* OpenGLESSpriteBatcher.cpp */; };
		BB59B1AA1B94AC8900445BB9 /* OpenGLESTextureGpuProgramWrapper.cpp in Sources */ = {isa = PBXBuildFile; fileRef = BB59B13A1B94AC8800445BB9 /* OpenGLESTextureGpuProgramWrapper.cpp */; };
		BB59B1AB1B94AC8900445BB9 /* platform_file_utils.c in Sources */ = {isa = PBXBuildFile; fileRef = BB59B13D1B94AC8800445BB9 /* platform_file_utils.c */; };
		BB59B1AC1B94AC8900445BB9 /* shader.c in Sources */ = {isa = PBXBuildFile; fileRef = BB59B1401B94AC8800445BB9 /* shader.c */; };
		BB59B1AD1B94AC8900445BB9 /* texture.c in Sources */ = {isa = PBXBuildFile; fileRef = BB59B1421B94AC8800445BB9 /* texture.c */; };
		BB59B1AE1B94AC8900445BB9 /* texture_shader.fsh in Resources */ = {isa = PBXBuildFile; fileRef = BB59B1441B94AC8800445BB9 /* texture_shader.fsh */; };
		BB59B1AF1B94AC8900445BB9 /* texture_shader.vsh in Resources */ = {isa = PBXBuildFile; fileRef = BB59B1451B94AC8800445BB9 /* texture_shader.vsh */; };
		BB59B1B01B94AC8900445BB9 /* texture_vert_flip_shader.vsh in Resources */ = {isa = PBXBuildFile; fileRef = BB59B1461B94AC8800445BB9 /* texture_vert_flip_shader.vsh */; };
		BB59B1B11B94AC8900445BB9 /* TextureProgram.cpp in Sources */ = {isa = PBXBuildFile; fileRef = BB59B1471B94AC8800445BB9 /* TextureProgram.cpp */; };
		BB59B1B21B94AC8900445BB9 /* RectangleBatcher.cpp in Sources */ = {isa = PBXBuildFile; fileRef = BB59B1491B94AC8800445BB9 /* RectangleBatcher.cpp */; };
		BB59B1B31B94AC8900445BB9 /* SpriteBatcher.cpp in Sources */ = {isa = PBXBuildFile; fileRef = BB59B14B1B94AC8800445BB9 /* SpriteBatcher.cpp */; };
		BB59B1B41B94AC8900445BB9 /* TextureRegion.cpp in Sources */ = {isa = PBXBuildFile; fileRef = BB59B14D1B94AC8800445BB9 /* TextureRegion.cpp */; };
		BB59B1B51B94AC8900445BB9 /* TouchEvent.cpp in Sources */ = {isa = PBXBuildFile; fileRef = BB59B1501B94AC8800445BB9 /* TouchEvent.cpp */; };
		BB59B1B61B94AC8900445BB9 /* Assets.cpp in Sources */ = {isa = PBXBuildFile; fileRef = BB59B15F1B94AC8900445BB9 /* Assets.cpp */; };
		BB59B1B91B94AC8900445BB9 /* GameScreen.cpp in Sources */ = {isa = PBXBuildFile; fileRef = BB59B1661B94AC8900445BB9 /* GameScreen.cpp */; };
		BB59B1BB1B94AC8900445BB9 /* IOS8OpenGLESGameScreen.cpp in Sources */ = {isa = PBXBuildFile; fileRef = BB59B16D1B94AC8900445BB9 /* IOS8OpenGLESGameScreen.cpp */; };
		BB59B1BC1B94AC8900445BB9 /* IOSOpenGLESGameScreen.cpp in Sources */ = {isa = PBXBuildFile; fileRef = BB59B16F1B94AC8900445BB9 /* IOSOpenGLESGameScreen.cpp */; };
		BB59B1BD1B94AC8900445BB9 /* OpenGLESGameScreen.cpp in Sources */ = {isa = PBXBuildFile; fileRef = BB59B1711B94AC8900445BB9 /* OpenGLESGameScreen.cpp */; };
		BB59B1BE1B94AC8900445BB9 /* OpenGLESRenderer.cpp in Sources */ = {isa = PBXBuildFile; fileRef = BB59B1731B94AC8900445BB9 /* OpenGLESRenderer.cpp */; };
		BB59B1BF1B94AC8900445BB9 /* Renderer.cpp in Sources */ = {isa = PBXBuildFile; fileRef = BB59B1751B94AC8900445BB9 /* Renderer.cpp */; };
		BB5C577B19B9F87700AD76E7 /* GameViewController.mm in Sources */ = {isa = PBXBuildFile; fileRef = BB5C577A19B9F87700AD76E7 /* GameViewController.mm */; };
		BB7305DB189C598D009F6DF4 /* Music.m in Sources */ = {isa = PBXBuildFile; fileRef = BB7305D7189C598D009F6DF4 /* Music.m */; };
		BB7305DC189C598D009F6DF4 /* Sound.m in Sources */ = {isa = PBXBuildFile; fileRef = BB7305D9189C598D009F6DF4 /* Sound.m */; };
		BB7305E2189C6BFA009F6DF4 /* AudioToolbox.framework in Frameworks */ = {isa = PBXBuildFile; fileRef = BB7305E1189C6BFA009F6DF4 /* AudioToolbox.framework */; };
		BB7305E4189C6C06009F6DF4 /* AVFoundation.framework in Frameworks */ = {isa = PBXBuildFile; fileRef = BB7305E3189C6C06009F6DF4 /* AVFoundation.framework */; };
		BB74E80718C2541F007C223E /* Localizable.strings in Resources */ = {isa = PBXBuildFile; fileRef = BB74E80518C2541F007C223E /* Localizable.strings */; };
		BB81B1BD19BE1A1800548837 /* GGDDeviceUtil.m in Sources */ = {isa = PBXBuildFile; fileRef = BB81B1BC19BE1A1800548837 /* GGDDeviceUtil.m */; };
		BBA4C48A1A17277C00AB3878 /* background_texture.png in Resources */ = {isa = PBXBuildFile; fileRef = BBA4C4471A17277B00AB3878 /* background_texture.png */; };
		BBA6492219B5FED100023E5A /* Images.xcassets in Resources */ = {isa = PBXBuildFile; fileRef = BBA6492119B5FED100023E5A /* Images.xcassets */; };
		BBE167251A17F1DD00080846 /* libz.dylib in Frameworks */ = {isa = PBXBuildFile; fileRef = BB451A3618C30E810093E559 /* libz.dylib */; };
/* End PBXBuildFile section */

/* Begin PBXFileReference section */
		0A8FBF4A179DF0B80039BA29 /* png.c */ = {isa = PBXFileReference; lastKnownFileType = sourcecode.c.c; name = png.c; path = ../../3rdparty/libpng/png.c; sourceTree = "<group>"; };
		0A8FBF4B179DF0B80039BA29 /* pngerror.c */ = {isa = PBXFileReference; lastKnownFileType = sourcecode.c.c; name = pngerror.c; path = ../../3rdparty/libpng/pngerror.c; sourceTree = "<group>"; };
		0A8FBF4C179DF0B80039BA29 /* pngget.c */ = {isa = PBXFileReference; lastKnownFileType = sourcecode.c.c; name = pngget.c; path = ../../3rdparty/libpng/pngget.c; sourceTree = "<group>"; };
		0A8FBF4E179DF0B80039BA29 /* pngmem.c */ = {isa = PBXFileReference; lastKnownFileType = sourcecode.c.c; name = pngmem.c; path = ../../3rdparty/libpng/pngmem.c; sourceTree = "<group>"; };
		0A8FBF4F179DF0B80039BA29 /* pngpread.c */ = {isa = PBXFileReference; lastKnownFileType = sourcecode.c.c; name = pngpread.c; path = ../../3rdparty/libpng/pngpread.c; sourceTree = "<group>"; };
		0A8FBF50179DF0B80039BA29 /* pngread.c */ = {isa = PBXFileReference; lastKnownFileType = sourcecode.c.c; name = pngread.c; path = ../../3rdparty/libpng/pngread.c; sourceTree = "<group>"; };
		0A8FBF51179DF0B80039BA29 /* pngrio.c */ = {isa = PBXFileReference; lastKnownFileType = sourcecode.c.c; name = pngrio.c; path = ../../3rdparty/libpng/pngrio.c; sourceTree = "<group>"; };
		0A8FBF52179DF0B80039BA29 /* pngrtran.c */ = {isa = PBXFileReference; lastKnownFileType = sourcecode.c.c; name = pngrtran.c; path = ../../3rdparty/libpng/pngrtran.c; sourceTree = "<group>"; };
		0A8FBF53179DF0B80039BA29 /* pngrutil.c */ = {isa = PBXFileReference; lastKnownFileType = sourcecode.c.c; name = pngrutil.c; path = ../../3rdparty/libpng/pngrutil.c; sourceTree = "<group>"; };
		0A8FBF54179DF0B80039BA29 /* pngset.c */ = {isa = PBXFileReference; lastKnownFileType = sourcecode.c.c; name = pngset.c; path = ../../3rdparty/libpng/pngset.c; sourceTree = "<group>"; };
		0A8FBF55179DF0B80039BA29 /* pngtrans.c */ = {isa = PBXFileReference; lastKnownFileType = sourcecode.c.c; name = pngtrans.c; path = ../../3rdparty/libpng/pngtrans.c; sourceTree = "<group>"; };
		0A8FBF56179DF0B80039BA29 /* pngwio.c */ = {isa = PBXFileReference; lastKnownFileType = sourcecode.c.c; name = pngwio.c; path = ../../3rdparty/libpng/pngwio.c; sourceTree = "<group>"; };
		0A8FBF57179DF0B80039BA29 /* pngwrite.c */ = {isa = PBXFileReference; lastKnownFileType = sourcecode.c.c; name = pngwrite.c; path = ../../3rdparty/libpng/pngwrite.c; sourceTree = "<group>"; };
		0A8FBF58179DF0B80039BA29 /* pngwtran.c */ = {isa = PBXFileReference; lastKnownFileType = sourcecode.c.c; name = pngwtran.c; path = ../../3rdparty/libpng/pngwtran.c; sourceTree = "<group>"; };
		0A8FBF59179DF0B80039BA29 /* pngwutil.c */ = {isa = PBXFileReference; lastKnownFileType = sourcecode.c.c; name = pngwutil.c; path = ../../3rdparty/libpng/pngwutil.c; sourceTree = "<group>"; };
		0A8FBF6D179DF3850039BA29 /* platform_asset_utils.m */ = {isa = PBXFileReference; fileEncoding = 4; lastKnownFileType = sourcecode.c.objc; path = platform_asset_utils.m; sourceTree = "<group>"; };
		0ADF1874178E2185005DA99E /* NosFURatu.app */ = {isa = PBXFileReference; explicitFileType = wrapper.application; includeInIndex = 0; path = NosFURatu.app; sourceTree = BUILT_PRODUCTS_DIR; };
		0ADF1877178E2185005DA99E /* UIKit.framework */ = {isa = PBXFileReference; lastKnownFileType = wrapper.framework; name = UIKit.framework; path = System/Library/Frameworks/UIKit.framework; sourceTree = SDKROOT; };
		0ADF1879178E2185005DA99E /* Foundation.framework */ = {isa = PBXFileReference; lastKnownFileType = wrapper.framework; name = Foundation.framework; path = System/Library/Frameworks/Foundation.framework; sourceTree = SDKROOT; };
		0ADF187B178E2185005DA99E /* CoreGraphics.framework */ = {isa = PBXFileReference; lastKnownFileType = wrapper.framework; name = CoreGraphics.framework; path = System/Library/Frameworks/CoreGraphics.framework; sourceTree = SDKROOT; };
		0ADF187D178E2185005DA99E /* GLKit.framework */ = {isa = PBXFileReference; lastKnownFileType = wrapper.framework; name = GLKit.framework; path = System/Library/Frameworks/GLKit.framework; sourceTree = SDKROOT; };
		0ADF187F178E2185005DA99E /* OpenGLES.framework */ = {isa = PBXFileReference; lastKnownFileType = wrapper.framework; name = OpenGLES.framework; path = System/Library/Frameworks/OpenGLES.framework; sourceTree = SDKROOT; };
		0ADF1883178E2185005DA99E /* nosfuratu-Info.plist */ = {isa = PBXFileReference; lastKnownFileType = text.plist.xml; path = "nosfuratu-Info.plist"; sourceTree = "<group>"; };
		0ADF1885178E2185005DA99E /* en */ = {isa = PBXFileReference; lastKnownFileType = text.plist.strings; name = en; path = en.lproj/InfoPlist.strings; sourceTree = "<group>"; };
		0ADF1887178E2185005DA99E /* main.m */ = {isa = PBXFileReference; lastKnownFileType = sourcecode.c.objc; path = main.m; sourceTree = "<group>"; };
		0ADF188A178E2185005DA99E /* AppDelegate.h */ = {isa = PBXFileReference; lastKnownFileType = sourcecode.c.h; path = AppDelegate.h; sourceTree = "<group>"; };
		0ADF188B178E2185005DA99E /* AppDelegate.m */ = {isa = PBXFileReference; lastKnownFileType = sourcecode.c.objc; path = AppDelegate.m; sourceTree = "<group>"; };
		0ADF1894178E2185005DA99E /* en */ = {isa = PBXFileReference; lastKnownFileType = file.storyboard; name = en; path = en.lproj/MainStoryboard_iPhone.storyboard; sourceTree = "<group>"; };
		0ADF1897178E2185005DA99E /* en */ = {isa = PBXFileReference; lastKnownFileType = file.storyboard; name = en; path = en.lproj/MainStoryboard_iPad.storyboard; sourceTree = "<group>"; };
		BB09703519C3A3180086B30F /* CoreFoundation.framework */ = {isa = PBXFileReference; lastKnownFileType = wrapper.framework; name = CoreFoundation.framework; path = System/Library/Frameworks/CoreFoundation.framework; sourceTree = SDKROOT; };
		BB12EDD11A1CF6D1006D385B /* MediaPlayer.framework */ = {isa = PBXFileReference; lastKnownFileType = wrapper.framework; name = MediaPlayer.framework; path = System/Library/Frameworks/MediaPlayer.framework; sourceTree = SDKROOT; };
		BB12EDD31A1CF6D9006D385B /* QuartzCore.framework */ = {isa = PBXFileReference; lastKnownFileType = wrapper.framework; name = QuartzCore.framework; path = System/Library/Frameworks/QuartzCore.framework; sourceTree = SDKROOT; };
		BB12EDD71A1CF6F1006D385B /* libc++.dylib */ = {isa = PBXFileReference; lastKnownFileType = "compiled.mach-o.dylib"; name = "libc++.dylib"; path = "usr/lib/libc++.dylib"; sourceTree = SDKROOT; };
		BB430E1E189313C600E4EAE1 /* png.h */ = {isa = PBXFileReference; fileEncoding = 4; lastKnownFileType = sourcecode.c.h; name = png.h; path = ../../3rdparty/libpng/png.h; sourceTree = "<group>"; };
		BB430E1F189313C600E4EAE1 /* pngconf.h */ = {isa = PBXFileReference; fileEncoding = 4; lastKnownFileType = sourcecode.c.h; name = pngconf.h; path = ../../3rdparty/libpng/pngconf.h; sourceTree = "<group>"; };
		BB430E20189313C600E4EAE1 /* pngdebug.h */ = {isa = PBXFileReference; fileEncoding = 4; lastKnownFileType = sourcecode.c.h; name = pngdebug.h; path = ../../3rdparty/libpng/pngdebug.h; sourceTree = "<group>"; };
		BB430E21189313C600E4EAE1 /* pnginfo.h */ = {isa = PBXFileReference; fileEncoding = 4; lastKnownFileType = sourcecode.c.h; name = pnginfo.h; path = ../../3rdparty/libpng/pnginfo.h; sourceTree = "<group>"; };
		BB430E22189313C600E4EAE1 /* pnglibconf.h */ = {isa = PBXFileReference; fileEncoding = 4; lastKnownFileType = sourcecode.c.h; name = pnglibconf.h; path = ../../3rdparty/libpng/pnglibconf.h; sourceTree = "<group>"; };
		BB430E23189313C600E4EAE1 /* pngpriv.h */ = {isa = PBXFileReference; fileEncoding = 4; lastKnownFileType = sourcecode.c.h; name = pngpriv.h; path = ../../3rdparty/libpng/pngpriv.h; sourceTree = "<group>"; };
		BB430E24189313C600E4EAE1 /* pngstruct.h */ = {isa = PBXFileReference; fileEncoding = 4; lastKnownFileType = sourcecode.c.h; name = pngstruct.h; path = ../../3rdparty/libpng/pngstruct.h; sourceTree = "<group>"; };
		BB451A3618C30E810093E559 /* libz.dylib */ = {isa = PBXFileReference; lastKnownFileType = "compiled.mach-o.dylib"; name = libz.dylib; path = usr/lib/libz.dylib; sourceTree = SDKROOT; };
		BB59B0CC1B94AC8800445BB9 /* Entity.cpp */ = {isa = PBXFileReference; fileEncoding = 4; lastKnownFileType = sourcecode.cpp.cpp; path = Entity.cpp; sourceTree = "<group>"; };
		BB59B0CD1B94AC8800445BB9 /* Entity.h */ = {isa = PBXFileReference; fileEncoding = 4; lastKnownFileType = sourcecode.c.h; path = Entity.h; sourceTree = "<group>"; };
		BB59B0CE1B94AC8800445BB9 /* EntityManager.cpp */ = {isa = PBXFileReference; fileEncoding = 4; lastKnownFileType = sourcecode.cpp.cpp; path = EntityManager.cpp; sourceTree = "<group>"; };
		BB59B0CF1B94AC8800445BB9 /* EntityManager.h */ = {isa = PBXFileReference; fileEncoding = 4; lastKnownFileType = sourcecode.c.h; path = EntityManager.h; sourceTree = "<group>"; };
		BB59B0D01B94AC8800445BB9 /* PhysicalEntity.cpp */ = {isa = PBXFileReference; fileEncoding = 4; lastKnownFileType = sourcecode.cpp.cpp; path = PhysicalEntity.cpp; sourceTree = "<group>"; };
		BB59B0D11B94AC8800445BB9 /* PhysicalEntity.h */ = {isa = PBXFileReference; fileEncoding = 4; lastKnownFileType = sourcecode.c.h; path = PhysicalEntity.h; sourceTree = "<group>"; };
		BB59B0D41B94AC8800445BB9 /* filesystem.c */ = {isa = PBXFileReference; fileEncoding = 4; lastKnownFileType = sourcecode.c.c; path = filesystem.c; sourceTree = "<group>"; };
		BB59B0D51B94AC8800445BB9 /* filesystem.h */ = {isa = PBXFileReference; fileEncoding = 4; lastKnownFileType = sourcecode.c.h; path = filesystem.h; sourceTree = "<group>"; };
		BB59B0D71B94AC8800445BB9 /* BasicReaderWriter.cpp */ = {isa = PBXFileReference; fileEncoding = 4; lastKnownFileType = sourcecode.cpp.cpp; path = BasicReaderWriter.cpp; sourceTree = "<group>"; };
		BB59B0D81B94AC8800445BB9 /* BasicReaderWriter.h */ = {isa = PBXFileReference; fileEncoding = 4; lastKnownFileType = sourcecode.c.h; path = BasicReaderWriter.h; sourceTree = "<group>"; };
		BB59B0D91B94AC8800445BB9 /* DDSTextureLoader.cpp */ = {isa = PBXFileReference; fileEncoding = 4; lastKnownFileType = sourcecode.cpp.cpp; path = DDSTextureLoader.cpp; sourceTree = "<group>"; };
		BB59B0DA1B94AC8800445BB9 /* DDSTextureLoader.h */ = {isa = PBXFileReference; fileEncoding = 4; lastKnownFileType = sourcecode.c.h; path = DDSTextureLoader.h; sourceTree = "<group>"; };
		BB59B0DB1B94AC8800445BB9 /* RandomAccessReader.cpp */ = {isa = PBXFileReference; fileEncoding = 4; lastKnownFileType = sourcecode.cpp.cpp; path = RandomAccessReader.cpp; sourceTree = "<group>"; };
		BB59B0DC1B94AC8800445BB9 /* RandomAccessReader.h */ = {isa = PBXFileReference; fileEncoding = 4; lastKnownFileType = sourcecode.c.h; path = RandomAccessReader.h; sourceTree = "<group>"; };
		BB59B0DD1B94AC8800445BB9 /* SoundFileReader.cpp */ = {isa = PBXFileReference; fileEncoding = 4; lastKnownFileType = sourcecode.cpp.cpp; path = SoundFileReader.cpp; sourceTree = "<group>"; };
		BB59B0DE1B94AC8800445BB9 /* SoundFileReader.h */ = {isa = PBXFileReference; fileEncoding = 4; lastKnownFileType = sourcecode.c.h; path = SoundFileReader.h; sourceTree = "<group>"; };
		BB59B0E01B94AC8800445BB9 /* Circle.cpp */ = {isa = PBXFileReference; fileEncoding = 4; lastKnownFileType = sourcecode.cpp.cpp; path = Circle.cpp; sourceTree = "<group>"; };
		BB59B0E11B94AC8800445BB9 /* Circle.h */ = {isa = PBXFileReference; fileEncoding = 4; lastKnownFileType = sourcecode.c.h; path = Circle.h; sourceTree = "<group>"; };
		BB59B0E21B94AC8800445BB9 /* Line.cpp */ = {isa = PBXFileReference; fileEncoding = 4; lastKnownFileType = sourcecode.cpp.cpp; path = Line.cpp; sourceTree = "<group>"; };
		BB59B0E31B94AC8800445BB9 /* Line.h */ = {isa = PBXFileReference; fileEncoding = 4; lastKnownFileType = sourcecode.c.h; path = Line.h; sourceTree = "<group>"; };
		BB59B0E41B94AC8800445BB9 /* OverlapTester.cpp */ = {isa = PBXFileReference; fileEncoding = 4; lastKnownFileType = sourcecode.cpp.cpp; path = OverlapTester.cpp; sourceTree = "<group>"; };
		BB59B0E51B94AC8800445BB9 /* OverlapTester.h */ = {isa = PBXFileReference; fileEncoding = 4; lastKnownFileType = sourcecode.c.h; path = OverlapTester.h; sourceTree = "<group>"; };
		BB59B0E61B94AC8800445BB9 /* Rectangle.cpp */ = {isa = PBXFileReference; fileEncoding = 4; lastKnownFileType = sourcecode.cpp.cpp; path = Rectangle.cpp; sourceTree = "<group>"; };
		BB59B0E71B94AC8800445BB9 /* Rectangle.h */ = {isa = PBXFileReference; fileEncoding = 4; lastKnownFileType = sourcecode.c.h; path = Rectangle.h; sourceTree = "<group>"; };
		BB59B0E81B94AC8800445BB9 /* Triangle.cpp */ = {isa = PBXFileReference; fileEncoding = 4; lastKnownFileType = sourcecode.cpp.cpp; path = Triangle.cpp; sourceTree = "<group>"; };
		BB59B0E91B94AC8800445BB9 /* Triangle.h */ = {isa = PBXFileReference; fileEncoding = 4; lastKnownFileType = sourcecode.c.h; path = Triangle.h; sourceTree = "<group>"; };
		BB59B0EA1B94AC8800445BB9 /* Vector2D.cpp */ = {isa = PBXFileReference; fileEncoding = 4; lastKnownFileType = sourcecode.cpp.cpp; path = Vector2D.cpp; sourceTree = "<group>"; };
		BB59B0EB1B94AC8800445BB9 /* Vector2D.h */ = {isa = PBXFileReference; fileEncoding = 4; lastKnownFileType = sourcecode.c.h; path = Vector2D.h; sourceTree = "<group>"; };
		BB59B0EE1B94AC8800445BB9 /* sfx.c */ = {isa = PBXFileReference; fileEncoding = 4; lastKnownFileType = sourcecode.c.c; path = sfx.c; sourceTree = "<group>"; };
		BB59B0EF1B94AC8800445BB9 /* sfx.h */ = {isa = PBXFileReference; fileEncoding = 4; lastKnownFileType = sourcecode.c.h; path = sfx.h; sourceTree = "<group>"; };
		BB59B0F11B94AC8800445BB9 /* GameSound.cpp */ = {isa = PBXFileReference; fileEncoding = 4; lastKnownFileType = sourcecode.cpp.cpp; path = GameSound.cpp; sourceTree = "<group>"; };
		BB59B0F21B94AC8800445BB9 /* GameSound.h */ = {isa = PBXFileReference; fileEncoding = 4; lastKnownFileType = sourcecode.c.h; path = GameSound.h; sourceTree = "<group>"; };
		BB59B0F31B94AC8800445BB9 /* MediaEnginePlayer.cpp */ = {isa = PBXFileReference; fileEncoding = 4; lastKnownFileType = sourcecode.cpp.cpp; path = MediaEnginePlayer.cpp; sourceTree = "<group>"; };
		BB59B0F41B94AC8800445BB9 /* MediaEnginePlayer.h */ = {isa = PBXFileReference; fileEncoding = 4; lastKnownFileType = sourcecode.c.h; path = MediaEnginePlayer.h; sourceTree = "<group>"; };
		BB59B0F51B94AC8800445BB9 /* XAudio2SoundPlayer.cpp */ = {isa = PBXFileReference; fileEncoding = 4; lastKnownFileType = sourcecode.cpp.cpp; path = XAudio2SoundPlayer.cpp; sourceTree = "<group>"; };
		BB59B0F61B94AC8800445BB9 /* XAudio2SoundPlayer.h */ = {isa = PBXFileReference; fileEncoding = 4; lastKnownFileType = sourcecode.c.h; path = XAudio2SoundPlayer.h; sourceTree = "<group>"; };
		BB59B0F81B94AC8800445BB9 /* State.h */ = {isa = PBXFileReference; fileEncoding = 4; lastKnownFileType = sourcecode.c.h; path = State.h; sourceTree = "<group>"; };
		BB59B0F91B94AC8800445BB9 /* StateMachine.h */ = {isa = PBXFileReference; fileEncoding = 4; lastKnownFileType = sourcecode.c.h; path = StateMachine.h; sourceTree = "<group>"; };
		BB59B0FC1B94AC8800445BB9 /* DSCircleBatcher.cpp */ = {isa = PBXFileReference; fileEncoding = 4; lastKnownFileType = sourcecode.cpp.cpp; path = DSCircleBatcher.cpp; sourceTree = "<group>"; };
		BB59B0FD1B94AC8800445BB9 /* DSCircleBatcher.h */ = {isa = PBXFileReference; fileEncoding = 4; lastKnownFileType = sourcecode.c.h; path = DSCircleBatcher.h; sourceTree = "<group>"; };
		BB59B0FE1B94AC8800445BB9 /* DSLineBatcher.cpp */ = {isa = PBXFileReference; fileEncoding = 4; lastKnownFileType = sourcecode.cpp.cpp; path = DSLineBatcher.cpp; sourceTree = "<group>"; };
		BB59B0FF1B94AC8800445BB9 /* DSLineBatcher.h */ = {isa = PBXFileReference; fileEncoding = 4; lastKnownFileType = sourcecode.c.h; path = DSLineBatcher.h; sourceTree = "<group>"; };
		BB59B1001B94AC8800445BB9 /* DSRectangleBatcher.cpp */ = {isa = PBXFileReference; fileEncoding = 4; lastKnownFileType = sourcecode.cpp.cpp; path = DSRectangleBatcher.cpp; sourceTree = "<group>"; };
		BB59B1011B94AC8800445BB9 /* DSRectangleBatcher.h */ = {isa = PBXFileReference; fileEncoding = 4; lastKnownFileType = sourcecode.c.h; path = DSRectangleBatcher.h; sourceTree = "<group>"; };
		BB59B1021B94AC8800445BB9 /* DSSpriteBatcher.cpp */ = {isa = PBXFileReference; fileEncoding = 4; lastKnownFileType = sourcecode.cpp.cpp; path = DSSpriteBatcher.cpp; sourceTree = "<group>"; };
		BB59B1031B94AC8800445BB9 /* DSSpriteBatcher.h */ = {isa = PBXFileReference; fileEncoding = 4; lastKnownFileType = sourcecode.c.h; path = DSSpriteBatcher.h; sourceTree = "<group>"; };
		BB59B1041B94AC8800445BB9 /* CircleBatcher.cpp */ = {isa = PBXFileReference; fileEncoding = 4; lastKnownFileType = sourcecode.cpp.cpp; path = CircleBatcher.cpp; sourceTree = "<group>"; };
		BB59B1051B94AC8800445BB9 /* CircleBatcher.h */ = {isa = PBXFileReference; fileEncoding = 4; lastKnownFileType = sourcecode.c.h; path = CircleBatcher.h; sourceTree = "<group>"; };
		BB59B1061B94AC8800445BB9 /* Color.h */ = {isa = PBXFileReference; fileEncoding = 4; lastKnownFileType = sourcecode.c.h; path = Color.h; sourceTree = "<group>"; };
		BB59B1081B94AC8800445BB9 /* ColorPixelShader.hlsl */ = {isa = PBXFileReference; fileEncoding = 4; lastKnownFileType = text; path = ColorPixelShader.hlsl; sourceTree = "<group>"; };
		BB59B1091B94AC8800445BB9 /* ColorVertexShader.hlsl */ = {isa = PBXFileReference; fileEncoding = 4; lastKnownFileType = text; path = ColorVertexShader.hlsl; sourceTree = "<group>"; };
		BB59B10A1B94AC8800445BB9 /* Direct3DCircleBatcher.cpp */ = {isa = PBXFileReference; fileEncoding = 4; lastKnownFileType = sourcecode.cpp.cpp; path = Direct3DCircleBatcher.cpp; sourceTree = "<group>"; };
		BB59B10B1B94AC8800445BB9 /* Direct3DCircleBatcher.h */ = {isa = PBXFileReference; fileEncoding = 4; lastKnownFileType = sourcecode.c.h; path = Direct3DCircleBatcher.h; sourceTree = "<group>"; };
		BB59B10C1B94AC8800445BB9 /* Direct3DGeometryGpuProgramWrapper.cpp */ = {isa = PBXFileReference; fileEncoding = 4; lastKnownFileType = sourcecode.cpp.cpp; path = Direct3DGeometryGpuProgramWrapper.cpp; sourceTree = "<group>"; };
		BB59B10D1B94AC8800445BB9 /* Direct3DGeometryGpuProgramWrapper.h */ = {isa = PBXFileReference; fileEncoding = 4; lastKnownFileType = sourcecode.c.h; path = Direct3DGeometryGpuProgramWrapper.h; sourceTree = "<group>"; };
		BB59B10E1B94AC8800445BB9 /* Direct3DLineBatcher.cpp */ = {isa = PBXFileReference; fileEncoding = 4; lastKnownFileType = sourcecode.cpp.cpp; path = Direct3DLineBatcher.cpp; sourceTree = "<group>"; };
		BB59B10F1B94AC8800445BB9 /* Direct3DLineBatcher.h */ = {isa = PBXFileReference; fileEncoding = 4; lastKnownFileType = sourcecode.c.h; path = Direct3DLineBatcher.h; sourceTree = "<group>"; };
		BB59B1101B94AC8800445BB9 /* Direct3DManager.cpp */ = {isa = PBXFileReference; fileEncoding = 4; lastKnownFileType = sourcecode.cpp.cpp; path = Direct3DManager.cpp; sourceTree = "<group>"; };
		BB59B1111B94AC8800445BB9 /* Direct3DManager.h */ = {isa = PBXFileReference; fileEncoding = 4; lastKnownFileType = sourcecode.c.h; path = Direct3DManager.h; sourceTree = "<group>"; };
		BB59B1121B94AC8800445BB9 /* Direct3DProgram.cpp */ = {isa = PBXFileReference; fileEncoding = 4; lastKnownFileType = sourcecode.cpp.cpp; path = Direct3DProgram.cpp; sourceTree = "<group>"; };
		BB59B1131B94AC8800445BB9 /* Direct3DProgram.h */ = {isa = PBXFileReference; fileEncoding = 4; lastKnownFileType = sourcecode.c.h; path = Direct3DProgram.h; sourceTree = "<group>"; };
		BB59B1141B94AC8800445BB9 /* Direct3DRectangleBatcher.cpp */ = {isa = PBXFileReference; fileEncoding = 4; lastKnownFileType = sourcecode.cpp.cpp; path = Direct3DRectangleBatcher.cpp; sourceTree = "<group>"; };
		BB59B1151B94AC8800445BB9 /* Direct3DRectangleBatcher.h */ = {isa = PBXFileReference; fileEncoding = 4; lastKnownFileType = sourcecode.c.h; path = Direct3DRectangleBatcher.h; sourceTree = "<group>"; };
		BB59B1161B94AC8800445BB9 /* Direct3DSpriteBatcher.cpp */ = {isa = PBXFileReference; fileEncoding = 4; lastKnownFileType = sourcecode.cpp.cpp; path = Direct3DSpriteBatcher.cpp; sourceTree = "<group>"; };
		BB59B1171B94AC8800445BB9 /* Direct3DSpriteBatcher.h */ = {isa = PBXFileReference; fileEncoding = 4; lastKnownFileType = sourcecode.c.h; path = Direct3DSpriteBatcher.h; sourceTree = "<group>"; };
		BB59B1181B94AC8800445BB9 /* Direct3DTextureGpuProgramWrapper.cpp */ = {isa = PBXFileReference; fileEncoding = 4; lastKnownFileType = sourcecode.cpp.cpp; path = Direct3DTextureGpuProgramWrapper.cpp; sourceTree = "<group>"; };
		BB59B1191B94AC8800445BB9 /* Direct3DTextureGpuProgramWrapper.h */ = {isa = PBXFileReference; fileEncoding = 4; lastKnownFileType = sourcecode.c.h; path = Direct3DTextureGpuProgramWrapper.h; sourceTree = "<group>"; };
		BB59B11A1B94AC8800445BB9 /* TexturePixelShader.hlsl */ = {isa = PBXFileReference; fileEncoding = 4; lastKnownFileType = text; path = TexturePixelShader.hlsl; sourceTree = "<group>"; };
		BB59B11B1B94AC8800445BB9 /* TextureVertexShader.hlsl */ = {isa = PBXFileReference; fileEncoding = 4; lastKnownFileType = text; path = TextureVertexShader.hlsl; sourceTree = "<group>"; };
		BB59B11C1B94AC8800445BB9 /* DummyGpuProgramWrapper.cpp */ = {isa = PBXFileReference; fileEncoding = 4; lastKnownFileType = sourcecode.cpp.cpp; path = DummyGpuProgramWrapper.cpp; sourceTree = "<group>"; };
		BB59B11D1B94AC8800445BB9 /* DummyGpuProgramWrapper.h */ = {isa = PBXFileReference; fileEncoding = 4; lastKnownFileType = sourcecode.c.h; path = DummyGpuProgramWrapper.h; sourceTree = "<group>"; };
		BB59B11E1B94AC8800445BB9 /* Font.cpp */ = {isa = PBXFileReference; fileEncoding = 4; lastKnownFileType = sourcecode.cpp.cpp; path = Font.cpp; sourceTree = "<group>"; };
		BB59B11F1B94AC8800445BB9 /* Font.h */ = {isa = PBXFileReference; fileEncoding = 4; lastKnownFileType = sourcecode.c.h; path = Font.h; sourceTree = "<group>"; };
		BB59B1201B94AC8800445BB9 /* GpuProgramWrapper.cpp */ = {isa = PBXFileReference; fileEncoding = 4; lastKnownFileType = sourcecode.cpp.cpp; path = GpuProgramWrapper.cpp; sourceTree = "<group>"; };
		BB59B1211B94AC8800445BB9 /* GpuProgramWrapper.h */ = {isa = PBXFileReference; fileEncoding = 4; lastKnownFileType = sourcecode.c.h; path = GpuProgramWrapper.h; sourceTree = "<group>"; };
		BB59B1221B94AC8800445BB9 /* LineBatcher.cpp */ = {isa = PBXFileReference; fileEncoding = 4; lastKnownFileType = sourcecode.cpp.cpp; path = LineBatcher.cpp; sourceTree = "<group>"; };
		BB59B1231B94AC8800445BB9 /* LineBatcher.h */ = {isa = PBXFileReference; fileEncoding = 4; lastKnownFileType = sourcecode.c.h; path = LineBatcher.h; sourceTree = "<group>"; };
		BB59B1251B94AC8800445BB9 /* asset_utils.c */ = {isa = PBXFileReference; fileEncoding = 4; lastKnownFileType = sourcecode.c.c; path = asset_utils.c; sourceTree = "<group>"; };
		BB59B1261B94AC8800445BB9 /* asset_utils.h */ = {isa = PBXFileReference; fileEncoding = 4; lastKnownFileType = sourcecode.c.h; path = asset_utils.h; sourceTree = "<group>"; };
		BB59B1271B94AC8800445BB9 /* color_shader.fsh */ = {isa = PBXFileReference; fileEncoding = 4; lastKnownFileType = sourcecode.glsl; path = color_shader.fsh; sourceTree = "<group>"; };
		BB59B1281B94AC8800445BB9 /* color_shader.vsh */ = {isa = PBXFileReference; fileEncoding = 4; lastKnownFileType = sourcecode.glsl; path = color_shader.vsh; sourceTree = "<group>"; };
		BB59B1291B94AC8800445BB9 /* ColorProgram.cpp */ = {isa = PBXFileReference; fileEncoding = 4; lastKnownFileType = sourcecode.cpp.cpp; path = ColorProgram.cpp; sourceTree = "<group>"; };
		BB59B12A1B94AC8800445BB9 /* ColorProgram.h */ = {isa = PBXFileReference; fileEncoding = 4; lastKnownFileType = sourcecode.c.h; path = ColorProgram.h; sourceTree = "<group>"; };
		BB59B12B1B94AC8800445BB9 /* image.c */ = {isa = PBXFileReference; fileEncoding = 4; lastKnownFileType = sourcecode.c.c; path = image.c; sourceTree = "<group>"; };
		BB59B12C1B94AC8800445BB9 /* image.h */ = {isa = PBXFileReference; fileEncoding = 4; lastKnownFileType = sourcecode.c.h; path = image.h; sourceTree = "<group>"; };
		BB59B12D1B94AC8800445BB9 /* linmath.h */ = {isa = PBXFileReference; fileEncoding = 4; lastKnownFileType = sourcecode.c.h; path = linmath.h; sourceTree = "<group>"; };
		BB59B12E1B94AC8800445BB9 /* OpenGLESCircleBatcher.cpp */ = {isa = PBXFileReference; fileEncoding = 4; lastKnownFileType = sourcecode.cpp.cpp; path = OpenGLESCircleBatcher.cpp; sourceTree = "<group>"; };
		BB59B12F1B94AC8800445BB9 /* OpenGLESCircleBatcher.h */ = {isa = PBXFileReference; fileEncoding = 4; lastKnownFileType = sourcecode.c.h; path = OpenGLESCircleBatcher.h; sourceTree = "<group>"; };
		BB59B1301B94AC8800445BB9 /* OpenGLESGeometryGpuProgramWrapper.cpp */ = {isa = PBXFileReference; fileEncoding = 4; lastKnownFileType = sourcecode.cpp.cpp; path = OpenGLESGeometryGpuProgramWrapper.cpp; sourceTree = "<group>"; };
		BB59B1311B94AC8800445BB9 /* OpenGLESGeometryGpuProgramWrapper.h */ = {isa = PBXFileReference; fileEncoding = 4; lastKnownFileType = sourcecode.c.h; path = OpenGLESGeometryGpuProgramWrapper.h; sourceTree = "<group>"; };
		BB59B1321B94AC8800445BB9 /* OpenGLESLineBatcher.cpp */ = {isa = PBXFileReference; fileEncoding = 4; lastKnownFileType = sourcecode.cpp.cpp; path = OpenGLESLineBatcher.cpp; sourceTree = "<group>"; };
		BB59B1331B94AC8800445BB9 /* OpenGLESLineBatcher.h */ = {isa = PBXFileReference; fileEncoding = 4; lastKnownFileType = sourcecode.c.h; path = OpenGLESLineBatcher.h; sourceTree = "<group>"; };
		BB59B1341B94AC8800445BB9 /* OpenGLESManager.cpp */ = {isa = PBXFileReference; fileEncoding = 4; lastKnownFileType = sourcecode.cpp.cpp; path = OpenGLESManager.cpp; sourceTree = "<group>"; };
		BB59B1351B94AC8800445BB9 /* OpenGLESManager.h */ = {isa = PBXFileReference; fileEncoding = 4; lastKnownFileType = sourcecode.c.h; path = OpenGLESManager.h; sourceTree = "<group>"; };
		BB59B1361B94AC8800445BB9 /* OpenGLESRectangleBatcher.cpp */ = {isa = PBXFileReference; fileEncoding = 4; lastKnownFileType = sourcecode.cpp.cpp; path = OpenGLESRectangleBatcher.cpp; sourceTree = "<group>"; };
		BB59B1371B94AC8800445BB9 /* OpenGLESRectangleBatcher.h */ = {isa = PBXFileReference; fileEncoding = 4; lastKnownFileType = sourcecode.c.h; path = OpenGLESRectangleBatcher.h; sourceTree = "<group>"; };
		BB59B1381B94AC8800445BB9 /* OpenGLESSpriteBatcher.cpp */ = {isa = PBXFileReference; fileEncoding = 4; lastKnownFileType = sourcecode.cpp.cpp; path = OpenGLESSpriteBatcher.cpp; sourceTree = "<group>"; };
		BB59B1391B94AC8800445BB9 /* OpenGLESSpriteBatcher.h */ = {isa = PBXFileReference; fileEncoding = 4; lastKnownFileType = sourcecode.c.h; path = OpenGLESSpriteBatcher.h; sourceTree = "<group>"; };
		BB59B13A1B94AC8800445BB9 /* OpenGLESTextureGpuProgramWrapper.cpp */ = {isa = PBXFileReference; fileEncoding = 4; lastKnownFileType = sourcecode.cpp.cpp; path = OpenGLESTextureGpuProgramWrapper.cpp; sourceTree = "<group>"; };
		BB59B13B1B94AC8800445BB9 /* OpenGLESTextureGpuProgramWrapper.h */ = {isa = PBXFileReference; fileEncoding = 4; lastKnownFileType = sourcecode.c.h; path = OpenGLESTextureGpuProgramWrapper.h; sourceTree = "<group>"; };
		BB59B13C1B94AC8800445BB9 /* platform_asset_utils.h */ = {isa = PBXFileReference; fileEncoding = 4; lastKnownFileType = sourcecode.c.h; path = platform_asset_utils.h; sourceTree = "<group>"; };
		BB59B13D1B94AC8800445BB9 /* platform_file_utils.c */ = {isa = PBXFileReference; fileEncoding = 4; lastKnownFileType = sourcecode.c.c; path = platform_file_utils.c; sourceTree = "<group>"; };
		BB59B13E1B94AC8800445BB9 /* platform_file_utils.h */ = {isa = PBXFileReference; fileEncoding = 4; lastKnownFileType = sourcecode.c.h; path = platform_file_utils.h; sourceTree = "<group>"; };
		BB59B13F1B94AC8800445BB9 /* platform_gl.h */ = {isa = PBXFileReference; fileEncoding = 4; lastKnownFileType = sourcecode.c.h; path = platform_gl.h; sourceTree = "<group>"; };
		BB59B1401B94AC8800445BB9 /* shader.c */ = {isa = PBXFileReference; fileEncoding = 4; lastKnownFileType = sourcecode.c.c; path = shader.c; sourceTree = "<group>"; };
		BB59B1411B94AC8800445BB9 /* shader.h */ = {isa = PBXFileReference; fileEncoding = 4; lastKnownFileType = sourcecode.c.h; path = shader.h; sourceTree = "<group>"; };
		BB59B1421B94AC8800445BB9 /* texture.c */ = {isa = PBXFileReference; fileEncoding = 4; lastKnownFileType = sourcecode.c.c; path = texture.c; sourceTree = "<group>"; };
		BB59B1431B94AC8800445BB9 /* texture.h */ = {isa = PBXFileReference; fileEncoding = 4; lastKnownFileType = sourcecode.c.h; path = texture.h; sourceTree = "<group>"; };
		BB59B1441B94AC8800445BB9 /* texture_shader.fsh */ = {isa = PBXFileReference; fileEncoding = 4; lastKnownFileType = sourcecode.glsl; path = texture_shader.fsh; sourceTree = "<group>"; };
		BB59B1451B94AC8800445BB9 /* texture_shader.vsh */ = {isa = PBXFileReference; fileEncoding = 4; lastKnownFileType = sourcecode.glsl; path = texture_shader.vsh; sourceTree = "<group>"; };
		BB59B1461B94AC8800445BB9 /* texture_vert_flip_shader.vsh */ = {isa = PBXFileReference; fileEncoding = 4; lastKnownFileType = sourcecode.glsl; path = texture_vert_flip_shader.vsh; sourceTree = "<group>"; };
		BB59B1471B94AC8800445BB9 /* TextureProgram.cpp */ = {isa = PBXFileReference; fileEncoding = 4; lastKnownFileType = sourcecode.cpp.cpp; path = TextureProgram.cpp; sourceTree = "<group>"; };
		BB59B1481B94AC8800445BB9 /* TextureProgram.h */ = {isa = PBXFileReference; fileEncoding = 4; lastKnownFileType = sourcecode.c.h; path = TextureProgram.h; sourceTree = "<group>"; };
		BB59B1491B94AC8800445BB9 /* RectangleBatcher.cpp */ = {isa = PBXFileReference; fileEncoding = 4; lastKnownFileType = sourcecode.cpp.cpp; path = RectangleBatcher.cpp; sourceTree = "<group>"; };
		BB59B14A1B94AC8800445BB9 /* RectangleBatcher.h */ = {isa = PBXFileReference; fileEncoding = 4; lastKnownFileType = sourcecode.c.h; path = RectangleBatcher.h; sourceTree = "<group>"; };
		BB59B14B1B94AC8800445BB9 /* SpriteBatcher.cpp */ = {isa = PBXFileReference; fileEncoding = 4; lastKnownFileType = sourcecode.cpp.cpp; path = SpriteBatcher.cpp; sourceTree = "<group>"; };
		BB59B14C1B94AC8800445BB9 /* SpriteBatcher.h */ = {isa = PBXFileReference; fileEncoding = 4; lastKnownFileType = sourcecode.c.h; path = SpriteBatcher.h; sourceTree = "<group>"; };
		BB59B14D1B94AC8800445BB9 /* TextureRegion.cpp */ = {isa = PBXFileReference; fileEncoding = 4; lastKnownFileType = sourcecode.cpp.cpp; path = TextureRegion.cpp; sourceTree = "<group>"; };
		BB59B14E1B94AC8800445BB9 /* TextureRegion.h */ = {isa = PBXFileReference; fileEncoding = 4; lastKnownFileType = sourcecode.c.h; path = TextureRegion.h; sourceTree = "<group>"; };
		BB59B14F1B94AC8800445BB9 /* TextureWrapper.h */ = {isa = PBXFileReference; fileEncoding = 4; lastKnownFileType = sourcecode.c.h; path = TextureWrapper.h; sourceTree = "<group>"; };
		BB59B1501B94AC8800445BB9 /* TouchEvent.cpp */ = {isa = PBXFileReference; fileEncoding = 4; lastKnownFileType = sourcecode.cpp.cpp; path = TouchEvent.cpp; sourceTree = "<group>"; };
		BB59B1511B94AC8800445BB9 /* TouchEvent.h */ = {isa = PBXFileReference; fileEncoding = 4; lastKnownFileType = sourcecode.c.h; path = TouchEvent.h; sourceTree = "<group>"; };
		BB59B1521B94AC8800445BB9 /* TouchType.h */ = {isa = PBXFileReference; fileEncoding = 4; lastKnownFileType = sourcecode.c.h; path = TouchType.h; sourceTree = "<group>"; };
		BB59B1541B94AC8800445BB9 /* FlagUtil.h */ = {isa = PBXFileReference; fileEncoding = 4; lastKnownFileType = sourcecode.c.h; path = FlagUtil.h; sourceTree = "<group>"; };
		BB59B1551B94AC8800445BB9 /* macros.h */ = {isa = PBXFileReference; fileEncoding = 4; lastKnownFileType = sourcecode.c.h; path = macros.h; sourceTree = "<group>"; };
		BB59B1571B94AC8800445BB9 /* BasicTimer.h */ = {isa = PBXFileReference; fileEncoding = 4; lastKnownFileType = sourcecode.c.h; path = BasicTimer.h; sourceTree = "<group>"; };
		BB59B1581B94AC8800445BB9 /* dds.h */ = {isa = PBXFileReference; fileEncoding = 4; lastKnownFileType = sourcecode.c.h; path = dds.h; sourceTree = "<group>"; };
		BB59B1591B94AC8800445BB9 /* DirectXHelper.h */ = {isa = PBXFileReference; fileEncoding = 4; lastKnownFileType = sourcecode.c.h; path = DirectXHelper.h; sourceTree = "<group>"; };
		BB59B15A1B94AC8800445BB9 /* DirectXHelpers.h */ = {isa = PBXFileReference; fileEncoding = 4; lastKnownFileType = sourcecode.c.h; path = DirectXHelpers.h; sourceTree = "<group>"; };
		BB59B15B1B94AC8800445BB9 /* PlatformHelpers.h */ = {isa = PBXFileReference; fileEncoding = 4; lastKnownFileType = sourcecode.c.h; path = PlatformHelpers.h; sourceTree = "<group>"; };
		BB59B15D1B94AC8800445BB9 /* GameConstants.h */ = {isa = PBXFileReference; fileEncoding = 4; lastKnownFileType = sourcecode.c.h; path = GameConstants.h; sourceTree = "<group>"; };
		BB59B15F1B94AC8900445BB9 /* Assets.cpp */ = {isa = PBXFileReference; fileEncoding = 4; lastKnownFileType = sourcecode.cpp.cpp; path = Assets.cpp; sourceTree = "<group>"; };
		BB59B1601B94AC8900445BB9 /* Assets.h */ = {isa = PBXFileReference; fileEncoding = 4; lastKnownFileType = sourcecode.c.h; path = Assets.h; sourceTree = "<group>"; };
		BB59B1621B94AC8900445BB9 /* Direct3DGameScreen.cpp */ = {isa = PBXFileReference; fileEncoding = 4; lastKnownFileType = sourcecode.cpp.cpp; path = Direct3DGameScreen.cpp; sourceTree = "<group>"; };
		BB59B1631B94AC8900445BB9 /* Direct3DGameScreen.h */ = {isa = PBXFileReference; fileEncoding = 4; lastKnownFileType = sourcecode.c.h; path = Direct3DGameScreen.h; sourceTree = "<group>"; };
		BB59B1641B94AC8900445BB9 /* Direct3DRenderer.cpp */ = {isa = PBXFileReference; fileEncoding = 4; lastKnownFileType = sourcecode.cpp.cpp; path = Direct3DRenderer.cpp; sourceTree = "<group>"; };
		BB59B1651B94AC8900445BB9 /* Direct3DRenderer.h */ = {isa = PBXFileReference; fileEncoding = 4; lastKnownFileType = sourcecode.c.h; path = Direct3DRenderer.h; sourceTree = "<group>"; };
		BB59B1661B94AC8900445BB9 /* GameScreen.cpp */ = {isa = PBXFileReference; fileEncoding = 4; lastKnownFileType = sourcecode.cpp.cpp; path = GameScreen.cpp; sourceTree = "<group>"; };
		BB59B1671B94AC8900445BB9 /* GameScreen.h */ = {isa = PBXFileReference; fileEncoding = 4; lastKnownFileType = sourcecode.c.h; path = GameScreen.h; sourceTree = "<group>"; };
		BB59B16A1B94AC8900445BB9 /* AndroidOpenGLESGameScreen.cpp */ = {isa = PBXFileReference; fileEncoding = 4; lastKnownFileType = sourcecode.cpp.cpp; path = AndroidOpenGLESGameScreen.cpp; sourceTree = "<group>"; };
		BB59B16B1B94AC8900445BB9 /* AndroidOpenGLESGameScreen.h */ = {isa = PBXFileReference; fileEncoding = 4; lastKnownFileType = sourcecode.c.h; path = AndroidOpenGLESGameScreen.h; sourceTree = "<group>"; };
		BB59B16D1B94AC8900445BB9 /* IOS8OpenGLESGameScreen.cpp */ = {isa = PBXFileReference; fileEncoding = 4; lastKnownFileType = sourcecode.cpp.cpp; path = IOS8OpenGLESGameScreen.cpp; sourceTree = "<group>"; };
		BB59B16E1B94AC8900445BB9 /* IOS8OpenGLESGameScreen.h */ = {isa = PBXFileReference; fileEncoding = 4; lastKnownFileType = sourcecode.c.h; path = IOS8OpenGLESGameScreen.h; sourceTree = "<group>"; };
		BB59B16F1B94AC8900445BB9 /* IOSOpenGLESGameScreen.cpp */ = {isa = PBXFileReference; fileEncoding = 4; lastKnownFileType = sourcecode.cpp.cpp; path = IOSOpenGLESGameScreen.cpp; sourceTree = "<group>"; };
		BB59B1701B94AC8900445BB9 /* IOSOpenGLESGameScreen.h */ = {isa = PBXFileReference; fileEncoding = 4; lastKnownFileType = sourcecode.c.h; path = IOSOpenGLESGameScreen.h; sourceTree = "<group>"; };
		BB59B1711B94AC8900445BB9 /* OpenGLESGameScreen.cpp */ = {isa = PBXFileReference; fileEncoding = 4; lastKnownFileType = sourcecode.cpp.cpp; path = OpenGLESGameScreen.cpp; sourceTree = "<group>"; };
		BB59B1721B94AC8900445BB9 /* OpenGLESGameScreen.h */ = {isa = PBXFileReference; fileEncoding = 4; lastKnownFileType = sourcecode.c.h; path = OpenGLESGameScreen.h; sourceTree = "<group>"; };
		BB59B1731B94AC8900445BB9 /* OpenGLESRenderer.cpp */ = {isa = PBXFileReference; fileEncoding = 4; lastKnownFileType = sourcecode.cpp.cpp; path = OpenGLESRenderer.cpp; sourceTree = "<group>"; };
		BB59B1741B94AC8900445BB9 /* OpenGLESRenderer.h */ = {isa = PBXFileReference; fileEncoding = 4; lastKnownFileType = sourcecode.c.h; path = OpenGLESRenderer.h; sourceTree = "<group>"; };
		BB59B1751B94AC8900445BB9 /* Renderer.cpp */ = {isa = PBXFileReference; fileEncoding = 4; lastKnownFileType = sourcecode.cpp.cpp; path = Renderer.cpp; sourceTree = "<group>"; };
		BB59B1761B94AC8900445BB9 /* Renderer.h */ = {isa = PBXFileReference; fileEncoding = 4; lastKnownFileType = sourcecode.c.h; path = Renderer.h; sourceTree = "<group>"; };
		BB59B1771B94AC8900445BB9 /* ResourceConstants.h */ = {isa = PBXFileReference; fileEncoding = 4; lastKnownFileType = sourcecode.c.h; path = ResourceConstants.h; sourceTree = "<group>"; };
		BB5C577919B9F87700AD76E7 /* GameViewController.h */ = {isa = PBXFileReference; fileEncoding = 4; lastKnownFileType = sourcecode.c.h; path = GameViewController.h; sourceTree = "<group>"; };
		BB5C577A19B9F87700AD76E7 /* GameViewController.mm */ = {isa = PBXFileReference; fileEncoding = 4; lastKnownFileType = sourcecode.cpp.objcpp; path = GameViewController.mm; sourceTree = "<group>"; };
		BB7305D6189C598D009F6DF4 /* Music.h */ = {isa = PBXFileReference; fileEncoding = 4; lastKnownFileType = sourcecode.c.h; path = Music.h; sourceTree = "<group>"; };
		BB7305D7189C598D009F6DF4 /* Music.m */ = {isa = PBXFileReference; fileEncoding = 4; lastKnownFileType = sourcecode.c.objc; path = Music.m; sourceTree = "<group>"; };
		BB7305D8189C598D009F6DF4 /* Sound.h */ = {isa = PBXFileReference; fileEncoding = 4; lastKnownFileType = sourcecode.c.h; path = Sound.h; sourceTree = "<group>"; };
		BB7305D9189C598D009F6DF4 /* Sound.m */ = {isa = PBXFileReference; fileEncoding = 4; lastKnownFileType = sourcecode.c.objc; path = Sound.m; sourceTree = "<group>"; };
		BB7305E1189C6BFA009F6DF4 /* AudioToolbox.framework */ = {isa = PBXFileReference; lastKnownFileType = wrapper.framework; name = AudioToolbox.framework; path = System/Library/Frameworks/AudioToolbox.framework; sourceTree = SDKROOT; };
		BB7305E3189C6C06009F6DF4 /* AVFoundation.framework */ = {isa = PBXFileReference; lastKnownFileType = wrapper.framework; name = AVFoundation.framework; path = System/Library/Frameworks/AVFoundation.framework; sourceTree = SDKROOT; };
		BB74E80618C2541F007C223E /* en */ = {isa = PBXFileReference; lastKnownFileType = text.plist.strings; name = en; path = en.lproj/Localizable.strings; sourceTree = "<group>"; };
		BB81B1BB19BE1A1800548837 /* GGDDeviceUtil.h */ = {isa = PBXFileReference; fileEncoding = 4; lastKnownFileType = sourcecode.c.h; path = GGDDeviceUtil.h; sourceTree = "<group>"; };
		BB81B1BC19BE1A1800548837 /* GGDDeviceUtil.m */ = {isa = PBXFileReference; fileEncoding = 4; lastKnownFileType = sourcecode.c.objc; path = GGDDeviceUtil.m; sourceTree = "<group>"; };
		BBA4C4471A17277B00AB3878 /* background_texture.png */ = {isa = PBXFileReference; lastKnownFileType = image.png; path = background_texture.png; sourceTree = "<group>"; };
		BBA6492119B5FED100023E5A /* Images.xcassets */ = {isa = PBXFileReference; lastKnownFileType = folder.assetcatalog; path = Images.xcassets; sourceTree = "<group>"; };
/* End PBXFileReference section */

/* Begin PBXFrameworksBuildPhase section */
		0ADF1871178E2185005DA99E /* Frameworks */ = {
			isa = PBXFrameworksBuildPhase;
			buildActionMask = 2147483647;
			files = (
				BB40F60E1A1F9A9F004C7562 /* libc++.dylib in Frameworks */,
				BB12EDD41A1CF6D9006D385B /* QuartzCore.framework in Frameworks */,
				BB12EDD21A1CF6D1006D385B /* MediaPlayer.framework in Frameworks */,
				BBE167251A17F1DD00080846 /* libz.dylib in Frameworks */,
				BB09703619C3A3180086B30F /* CoreFoundation.framework in Frameworks */,
				BB7305E4189C6C06009F6DF4 /* AVFoundation.framework in Frameworks */,
				BB7305E2189C6BFA009F6DF4 /* AudioToolbox.framework in Frameworks */,
				0ADF1878178E2185005DA99E /* UIKit.framework in Frameworks */,
				0ADF187A178E2185005DA99E /* Foundation.framework in Frameworks */,
				0ADF187C178E2185005DA99E /* CoreGraphics.framework in Frameworks */,
				0ADF187E178E2185005DA99E /* GLKit.framework in Frameworks */,
				0ADF1880178E2185005DA99E /* OpenGLES.framework in Frameworks */,
			);
			runOnlyForDeploymentPostprocessing = 0;
		};
/* End PBXFrameworksBuildPhase section */

/* Begin PBXGroup section */
		0A8FBF6A179DF0BC0039BA29 /* libpng */ = {
			isa = PBXGroup;
			children = (
				0A8FBF4A179DF0B80039BA29 /* png.c */,
				BB430E1E189313C600E4EAE1 /* png.h */,
				BB430E1F189313C600E4EAE1 /* pngconf.h */,
				BB430E20189313C600E4EAE1 /* pngdebug.h */,
				0A8FBF4B179DF0B80039BA29 /* pngerror.c */,
				0A8FBF4C179DF0B80039BA29 /* pngget.c */,
				BB430E21189313C600E4EAE1 /* pnginfo.h */,
				BB430E22189313C600E4EAE1 /* pnglibconf.h */,
				0A8FBF4E179DF0B80039BA29 /* pngmem.c */,
				0A8FBF4F179DF0B80039BA29 /* pngpread.c */,
				BB430E23189313C600E4EAE1 /* pngpriv.h */,
				0A8FBF50179DF0B80039BA29 /* pngread.c */,
				0A8FBF51179DF0B80039BA29 /* pngrio.c */,
				0A8FBF52179DF0B80039BA29 /* pngrtran.c */,
				0A8FBF53179DF0B80039BA29 /* pngrutil.c */,
				0A8FBF54179DF0B80039BA29 /* pngset.c */,
				BB430E24189313C600E4EAE1 /* pngstruct.h */,
				0A8FBF55179DF0B80039BA29 /* pngtrans.c */,
				0A8FBF56179DF0B80039BA29 /* pngwio.c */,
				0A8FBF57179DF0B80039BA29 /* pngwrite.c */,
				0A8FBF58179DF0B80039BA29 /* pngwtran.c */,
				0A8FBF59179DF0B80039BA29 /* pngwutil.c */,
			);
			name = libpng;
			sourceTree = "<group>";
		};
		0ADF186B178E2185005DA99E = {
			isa = PBXGroup;
			children = (
				0A8FBF6A179DF0BC0039BA29 /* libpng */,
				BB59B0C91B94AC8800445BB9 /* core */,
				0ADF1881178E2185005DA99E /* ios */,
				0ADF1876178E2185005DA99E /* Frameworks */,
				0ADF1875178E2185005DA99E /* Products */,
			);
			sourceTree = "<group>";
		};
		0ADF1875178E2185005DA99E /* Products */ = {
			isa = PBXGroup;
			children = (
				0ADF1874178E2185005DA99E /* NosFURatu.app */,
			);
			name = Products;
			sourceTree = "<group>";
		};
		0ADF1876178E2185005DA99E /* Frameworks */ = {
			isa = PBXGroup;
			children = (
				BB12EDD71A1CF6F1006D385B /* libc++.dylib */,
				BB12EDD31A1CF6D9006D385B /* QuartzCore.framework */,
				BB12EDD11A1CF6D1006D385B /* MediaPlayer.framework */,
				BB7305E1189C6BFA009F6DF4 /* AudioToolbox.framework */,
				BB7305E3189C6C06009F6DF4 /* AVFoundation.framework */,
				BB09703519C3A3180086B30F /* CoreFoundation.framework */,
				0ADF187B178E2185005DA99E /* CoreGraphics.framework */,
				0ADF1879178E2185005DA99E /* Foundation.framework */,
				0ADF187D178E2185005DA99E /* GLKit.framework */,
				BB451A3618C30E810093E559 /* libz.dylib */,
				0ADF187F178E2185005DA99E /* OpenGLES.framework */,
				0ADF1877178E2185005DA99E /* UIKit.framework */,
			);
			name = Frameworks;
			sourceTree = "<group>";
		};
		0ADF1881178E2185005DA99E /* ios */ = {
			isa = PBXGroup;
			children = (
				0ADF188A178E2185005DA99E /* AppDelegate.h */,
				0ADF188B178E2185005DA99E /* AppDelegate.m */,
				BB5C577919B9F87700AD76E7 /* GameViewController.h */,
				BB5C577A19B9F87700AD76E7 /* GameViewController.mm */,
				BB81B1BB19BE1A1800548837 /* GGDDeviceUtil.h */,
				BB81B1BC19BE1A1800548837 /* GGDDeviceUtil.m */,
				BB7305D6189C598D009F6DF4 /* Music.h */,
				BB7305D7189C598D009F6DF4 /* Music.m */,
				0A8FBF6D179DF3850039BA29 /* platform_asset_utils.m */,
				BB7305D8189C598D009F6DF4 /* Sound.h */,
				BB7305D9189C598D009F6DF4 /* Sound.m */,
				0ADF1882178E2185005DA99E /* Supporting Files */,
			);
			name = ios;
			sourceTree = "<group>";
		};
		0ADF1882178E2185005DA99E /* Supporting Files */ = {
			isa = PBXGroup;
			children = (
				BBD079F518AA879D00E010AF /* assets */,
				0ADF1883178E2185005DA99E /* nosfuratu-Info.plist */,
				BBA6492119B5FED100023E5A /* Images.xcassets */,
				0ADF1884178E2185005DA99E /* InfoPlist.strings */,
				BB74E80518C2541F007C223E /* Localizable.strings */,
				0ADF1887178E2185005DA99E /* main.m */,
				0ADF1896178E2185005DA99E /* MainStoryboard_iPad.storyboard */,
				0ADF1893178E2185005DA99E /* MainStoryboard_iPhone.storyboard */,
			);
			name = "Supporting Files";
			sourceTree = "<group>";
		};
		BB07506619C248950028515E /* sounds */ = {
			isa = PBXGroup;
			children = (
			);
			name = sounds;
			sourceTree = "<group>";
		};
		BB07506719C248A90028515E /* music */ = {
			isa = PBXGroup;
			children = (
			);
			name = music;
			sourceTree = "<group>";
		};
		BB59B0C91B94AC8800445BB9 /* core */ = {
			isa = PBXGroup;
			children = (
				BB59B0CA1B94AC8800445BB9 /* framework */,
				BB59B15C1B94AC8800445BB9 /* game */,
			);
			name = core;
			path = ../../core;
			sourceTree = "<group>";
		};
		BB59B0CA1B94AC8800445BB9 /* framework */ = {
			isa = PBXGroup;
			children = (
				BB59B0CB1B94AC8800445BB9 /* entity */,
				BB59B0D21B94AC8800445BB9 /* file */,
				BB59B0DF1B94AC8800445BB9 /* math */,
				BB59B0EC1B94AC8800445BB9 /* sound */,
				BB59B0F71B94AC8800445BB9 /* state */,
				BB59B0FA1B94AC8800445BB9 /* ui */,
				BB59B1531B94AC8800445BB9 /* util */,
			);
			path = framework;
			sourceTree = "<group>";
		};
		BB59B0CB1B94AC8800445BB9 /* entity */ = {
			isa = PBXGroup;
			children = (
				BB59B0CC1B94AC8800445BB9 /* Entity.cpp */,
				BB59B0CD1B94AC8800445BB9 /* Entity.h */,
				BB59B0CE1B94AC8800445BB9 /* EntityManager.cpp */,
				BB59B0CF1B94AC8800445BB9 /* EntityManager.h */,
				BB59B0D01B94AC8800445BB9 /* PhysicalEntity.cpp */,
				BB59B0D11B94AC8800445BB9 /* PhysicalEntity.h */,
			);
			path = entity;
			sourceTree = "<group>";
		};
		BB59B0D21B94AC8800445BB9 /* file */ = {
			isa = PBXGroup;
			children = (
				BB59B0D31B94AC8800445BB9 /* 3ds */,
				BB59B0D61B94AC8800445BB9 /* windows-phone */,
			);
			path = file;
			sourceTree = "<group>";
		};
		BB59B0D31B94AC8800445BB9 /* 3ds */ = {
			isa = PBXGroup;
			children = (
				BB59B0D41B94AC8800445BB9 /* filesystem.c */,
				BB59B0D51B94AC8800445BB9 /* filesystem.h */,
			);
			path = 3ds;
			sourceTree = "<group>";
		};
		BB59B0D61B94AC8800445BB9 /* windows-phone */ = {
			isa = PBXGroup;
			children = (
				BB59B0D71B94AC8800445BB9 /* BasicReaderWriter.cpp */,
				BB59B0D81B94AC8800445BB9 /* BasicReaderWriter.h */,
				BB59B0D91B94AC8800445BB9 /* DDSTextureLoader.cpp */,
				BB59B0DA1B94AC8800445BB9 /* DDSTextureLoader.h */,
				BB59B0DB1B94AC8800445BB9 /* RandomAccessReader.cpp */,
				BB59B0DC1B94AC8800445BB9 /* RandomAccessReader.h */,
				BB59B0DD1B94AC8800445BB9 /* SoundFileReader.cpp */,
				BB59B0DE1B94AC8800445BB9 /* SoundFileReader.h */,
			);
			path = "windows-phone";
			sourceTree = "<group>";
		};
		BB59B0DF1B94AC8800445BB9 /* math */ = {
			isa = PBXGroup;
			children = (
				BB59B0E01B94AC8800445BB9 /* Circle.cpp */,
				BB59B0E11B94AC8800445BB9 /* Circle.h */,
				BB59B0E21B94AC8800445BB9 /* Line.cpp */,
				BB59B0E31B94AC8800445BB9 /* Line.h */,
				BB59B0E41B94AC8800445BB9 /* OverlapTester.cpp */,
				BB59B0E51B94AC8800445BB9 /* OverlapTester.h */,
				BB59B0E61B94AC8800445BB9 /* Rectangle.cpp */,
				BB59B0E71B94AC8800445BB9 /* Rectangle.h */,
				BB59B0E81B94AC8800445BB9 /* Triangle.cpp */,
				BB59B0E91B94AC8800445BB9 /* Triangle.h */,
				BB59B0EA1B94AC8800445BB9 /* Vector2D.cpp */,
				BB59B0EB1B94AC8800445BB9 /* Vector2D.h */,
			);
			path = math;
			sourceTree = "<group>";
		};
		BB59B0EC1B94AC8800445BB9 /* sound */ = {
			isa = PBXGroup;
			children = (
				BB59B0ED1B94AC8800445BB9 /* 3ds */,
				BB59B0F01B94AC8800445BB9 /* windows-phone */,
			);
			path = sound;
			sourceTree = "<group>";
		};
		BB59B0ED1B94AC8800445BB9 /* 3ds */ = {
			isa = PBXGroup;
			children = (
				BB59B0EE1B94AC8800445BB9 /* sfx.c */,
				BB59B0EF1B94AC8800445BB9 /* sfx.h */,
			);
			path = 3ds;
			sourceTree = "<group>";
		};
		BB59B0F01B94AC8800445BB9 /* windows-phone */ = {
			isa = PBXGroup;
			children = (
				BB59B0F11B94AC8800445BB9 /* GameSound.cpp */,
				BB59B0F21B94AC8800445BB9 /* GameSound.h */,
				BB59B0F31B94AC8800445BB9 /* MediaEnginePlayer.cpp */,
				BB59B0F41B94AC8800445BB9 /* MediaEnginePlayer.h */,
				BB59B0F51B94AC8800445BB9 /* XAudio2SoundPlayer.cpp */,
				BB59B0F61B94AC8800445BB9 /* XAudio2SoundPlayer.h */,
			);
			path = "windows-phone";
			sourceTree = "<group>";
		};
		BB59B0F71B94AC8800445BB9 /* state */ = {
			isa = PBXGroup;
			children = (
				BB59B0F81B94AC8800445BB9 /* State.h */,
				BB59B0F91B94AC8800445BB9 /* StateMachine.h */,
			);
			path = state;
			sourceTree = "<group>";
		};
		BB59B0FA1B94AC8800445BB9 /* ui */ = {
			isa = PBXGroup;
			children = (
				BB59B0FB1B94AC8800445BB9 /* 3ds */,
				BB59B1041B94AC8800445BB9 /* CircleBatcher.cpp */,
				BB59B1051B94AC8800445BB9 /* CircleBatcher.h */,
				BB59B1061B94AC8800445BB9 /* Color.h */,
				BB59B1071B94AC8800445BB9 /* direct3d */,
				BB59B11C1B94AC8800445BB9 /* DummyGpuProgramWrapper.cpp */,
				BB59B11D1B94AC8800445BB9 /* DummyGpuProgramWrapper.h */,
				BB59B11E1B94AC8800445BB9 /* Font.cpp */,
				BB59B11F1B94AC8800445BB9 /* Font.h */,
				BB59B1201B94AC8800445BB9 /* GpuProgramWrapper.cpp */,
				BB59B1211B94AC8800445BB9 /* GpuProgramWrapper.h */,
				BB59B1221B94AC8800445BB9 /* LineBatcher.cpp */,
				BB59B1231B94AC8800445BB9 /* LineBatcher.h */,
				BB59B1241B94AC8800445BB9 /* opengles */,
				BB59B1491B94AC8800445BB9 /* RectangleBatcher.cpp */,
				BB59B14A1B94AC8800445BB9 /* RectangleBatcher.h */,
				BB59B14B1B94AC8800445BB9 /* SpriteBatcher.cpp */,
				BB59B14C1B94AC8800445BB9 /* SpriteBatcher.h */,
				BB59B14D1B94AC8800445BB9 /* TextureRegion.cpp */,
				BB59B14E1B94AC8800445BB9 /* TextureRegion.h */,
				BB59B14F1B94AC8800445BB9 /* TextureWrapper.h */,
				BB59B1501B94AC8800445BB9 /* TouchEvent.cpp */,
				BB59B1511B94AC8800445BB9 /* TouchEvent.h */,
				BB59B1521B94AC8800445BB9 /* TouchType.h */,
			);
			path = ui;
			sourceTree = "<group>";
		};
		BB59B0FB1B94AC8800445BB9 /* 3ds */ = {
			isa = PBXGroup;
			children = (
				BB59B0FC1B94AC8800445BB9 /* DSCircleBatcher.cpp */,
				BB59B0FD1B94AC8800445BB9 /* DSCircleBatcher.h */,
				BB59B0FE1B94AC8800445BB9 /* DSLineBatcher.cpp */,
				BB59B0FF1B94AC8800445BB9 /* DSLineBatcher.h */,
				BB59B1001B94AC8800445BB9 /* DSRectangleBatcher.cpp */,
				BB59B1011B94AC8800445BB9 /* DSRectangleBatcher.h */,
				BB59B1021B94AC8800445BB9 /* DSSpriteBatcher.cpp */,
				BB59B1031B94AC8800445BB9 /* DSSpriteBatcher.h */,
			);
			path = 3ds;
			sourceTree = "<group>";
		};
		BB59B1071B94AC8800445BB9 /* direct3d */ = {
			isa = PBXGroup;
			children = (
				BB59B1081B94AC8800445BB9 /* ColorPixelShader.hlsl */,
				BB59B1091B94AC8800445BB9 /* ColorVertexShader.hlsl */,
				BB59B10A1B94AC8800445BB9 /* Direct3DCircleBatcher.cpp */,
				BB59B10B1B94AC8800445BB9 /* Direct3DCircleBatcher.h */,
				BB59B10C1B94AC8800445BB9 /* Direct3DGeometryGpuProgramWrapper.cpp */,
				BB59B10D1B94AC8800445BB9 /* Direct3DGeometryGpuProgramWrapper.h */,
				BB59B10E1B94AC8800445BB9 /* Direct3DLineBatcher.cpp */,
				BB59B10F1B94AC8800445BB9 /* Direct3DLineBatcher.h */,
				BB59B1101B94AC8800445BB9 /* Direct3DManager.cpp */,
				BB59B1111B94AC8800445BB9 /* Direct3DManager.h */,
				BB59B1121B94AC8800445BB9 /* Direct3DProgram.cpp */,
				BB59B1131B94AC8800445BB9 /* Direct3DProgram.h */,
				BB59B1141B94AC8800445BB9 /* Direct3DRectangleBatcher.cpp */,
				BB59B1151B94AC8800445BB9 /* Direct3DRectangleBatcher.h */,
				BB59B1161B94AC8800445BB9 /* Direct3DSpriteBatcher.cpp */,
				BB59B1171B94AC8800445BB9 /* Direct3DSpriteBatcher.h */,
				BB59B1181B94AC8800445BB9 /* Direct3DTextureGpuProgramWrapper.cpp */,
				BB59B1191B94AC8800445BB9 /* Direct3DTextureGpuProgramWrapper.h */,
				BB59B11A1B94AC8800445BB9 /* TexturePixelShader.hlsl */,
				BB59B11B1B94AC8800445BB9 /* TextureVertexShader.hlsl */,
			);
			path = direct3d;
			sourceTree = "<group>";
		};
		BB59B1241B94AC8800445BB9 /* opengles */ = {
			isa = PBXGroup;
			children = (
				BB59B1251B94AC8800445BB9 /* asset_utils.c */,
				BB59B1261B94AC8800445BB9 /* asset_utils.h */,
				BB59B1271B94AC8800445BB9 /* color_shader.fsh */,
				BB59B1281B94AC8800445BB9 /* color_shader.vsh */,
				BB59B1291B94AC8800445BB9 /* ColorProgram.cpp */,
				BB59B12A1B94AC8800445BB9 /* ColorProgram.h */,
				BB59B12B1B94AC8800445BB9 /* image.c */,
				BB59B12C1B94AC8800445BB9 /* image.h */,
				BB59B12D1B94AC8800445BB9 /* linmath.h */,
				BB59B12E1B94AC8800445BB9 /* OpenGLESCircleBatcher.cpp */,
				BB59B12F1B94AC8800445BB9 /* OpenGLESCircleBatcher.h */,
				BB59B1301B94AC8800445BB9 /* OpenGLESGeometryGpuProgramWrapper.cpp */,
				BB59B1311B94AC8800445BB9 /* OpenGLESGeometryGpuProgramWrapper.h */,
				BB59B1321B94AC8800445BB9 /* OpenGLESLineBatcher.cpp */,
				BB59B1331B94AC8800445BB9 /* OpenGLESLineBatcher.h */,
				BB59B1341B94AC8800445BB9 /* OpenGLESManager.cpp */,
				BB59B1351B94AC8800445BB9 /* OpenGLESManager.h */,
				BB59B1361B94AC8800445BB9 /* OpenGLESRectangleBatcher.cpp */,
				BB59B1371B94AC8800445BB9 /* OpenGLESRectangleBatcher.h */,
				BB59B1381B94AC8800445BB9 /* OpenGLESSpriteBatcher.cpp */,
				BB59B1391B94AC8800445BB9 /* OpenGLESSpriteBatcher.h */,
				BB59B13A1B94AC8800445BB9 /* OpenGLESTextureGpuProgramWrapper.cpp */,
				BB59B13B1B94AC8800445BB9 /* OpenGLESTextureGpuProgramWrapper.h */,
				BB59B13C1B94AC8800445BB9 /* platform_asset_utils.h */,
				BB59B13D1B94AC8800445BB9 /* platform_file_utils.c */,
				BB59B13E1B94AC8800445BB9 /* platform_file_utils.h */,
				BB59B13F1B94AC8800445BB9 /* platform_gl.h */,
				BB59B1401B94AC8800445BB9 /* shader.c */,
				BB59B1411B94AC8800445BB9 /* shader.h */,
				BB59B1421B94AC8800445BB9 /* texture.c */,
				BB59B1431B94AC8800445BB9 /* texture.h */,
				BB59B1441B94AC8800445BB9 /* texture_shader.fsh */,
				BB59B1451B94AC8800445BB9 /* texture_shader.vsh */,
				BB59B1461B94AC8800445BB9 /* texture_vert_flip_shader.vsh */,
				BB59B1471B94AC8800445BB9 /* TextureProgram.cpp */,
				BB59B1481B94AC8800445BB9 /* TextureProgram.h */,
			);
			path = opengles;
			sourceTree = "<group>";
		};
		BB59B1531B94AC8800445BB9 /* util */ = {
			isa = PBXGroup;
			children = (
				BB59B1541B94AC8800445BB9 /* FlagUtil.h */,
				BB59B1551B94AC8800445BB9 /* macros.h */,
				BB59B1561B94AC8800445BB9 /* windows-phone */,
			);
			path = util;
			sourceTree = "<group>";
		};
		BB59B1561B94AC8800445BB9 /* windows-phone */ = {
			isa = PBXGroup;
			children = (
				BB59B1571B94AC8800445BB9 /* BasicTimer.h */,
				BB59B1581B94AC8800445BB9 /* dds.h */,
				BB59B1591B94AC8800445BB9 /* DirectXHelper.h */,
				BB59B15A1B94AC8800445BB9 /* DirectXHelpers.h */,
				BB59B15B1B94AC8800445BB9 /* PlatformHelpers.h */,
			);
			path = "windows-phone";
			sourceTree = "<group>";
		};
		BB59B15C1B94AC8800445BB9 /* game */ = {
			isa = PBXGroup;
			children = (
				BB59B15D1B94AC8800445BB9 /* GameConstants.h */,
				BB59B15E1B94AC8800445BB9 /* ui */,
			);
			path = game;
			sourceTree = "<group>";
		};
		BB59B15E1B94AC8800445BB9 /* ui */ = {
			isa = PBXGroup;
			children = (
				BB59B15F1B94AC8900445BB9 /* Assets.cpp */,
				BB59B1601B94AC8900445BB9 /* Assets.h */,
				BB59B1611B94AC8900445BB9 /* direct3d */,
				BB59B1661B94AC8900445BB9 /* GameScreen.cpp */,
				BB59B1671B94AC8900445BB9 /* GameScreen.h */,
				BB59B1681B94AC8900445BB9 /* opengles */,
				BB59B1751B94AC8900445BB9 /* Renderer.cpp */,
				BB59B1761B94AC8900445BB9 /* Renderer.h */,
				BB59B1771B94AC8900445BB9 /* ResourceConstants.h */,
			);
			path = ui;
			sourceTree = "<group>";
		};
		BB59B1611B94AC8900445BB9 /* direct3d */ = {
			isa = PBXGroup;
			children = (
				BB59B1621B94AC8900445BB9 /* Direct3DGameScreen.cpp */,
				BB59B1631B94AC8900445BB9 /* Direct3DGameScreen.h */,
				BB59B1641B94AC8900445BB9 /* Direct3DRenderer.cpp */,
				BB59B1651B94AC8900445BB9 /* Direct3DRenderer.h */,
			);
			path = direct3d;
			sourceTree = "<group>";
		};
		BB59B1681B94AC8900445BB9 /* opengles */ = {
			isa = PBXGroup;
			children = (
				BB59B1691B94AC8900445BB9 /* android */,
				BB59B16C1B94AC8900445BB9 /* ios */,
				BB59B1711B94AC8900445BB9 /* OpenGLESGameScreen.cpp */,
				BB59B1721B94AC8900445BB9 /* OpenGLESGameScreen.h */,
				BB59B1731B94AC8900445BB9 /* OpenGLESRenderer.cpp */,
				BB59B1741B94AC8900445BB9 /* OpenGLESRenderer.h */,
			);
			path = opengles;
			sourceTree = "<group>";
		};
		BB59B1691B94AC8900445BB9 /* android */ = {
			isa = PBXGroup;
			children = (
				BB59B16A1B94AC8900445BB9 /* AndroidOpenGLESGameScreen.cpp */,
				BB59B16B1B94AC8900445BB9 /* AndroidOpenGLESGameScreen.h */,
			);
			path = android;
			sourceTree = "<group>";
		};
		BB59B16C1B94AC8900445BB9 /* ios */ = {
			isa = PBXGroup;
			children = (
				BB59B16D1B94AC8900445BB9 /* IOS8OpenGLESGameScreen.cpp */,
				BB59B16E1B94AC8900445BB9 /* IOS8OpenGLESGameScreen.h */,
				BB59B16F1B94AC8900445BB9 /* IOSOpenGLESGameScreen.cpp */,
				BB59B1701B94AC8900445BB9 /* IOSOpenGLESGameScreen.h */,
			);
			path = ios;
			sourceTree = "<group>";
		};
		BBD079F518AA879D00E010AF /* assets */ = {
			isa = PBXGroup;
			children = (
				BBA4C4471A17277B00AB3878 /* background_texture.png */,
				BB07506719C248A90028515E /* music */,
				BB07506619C248950028515E /* sounds */,
			);
			path = assets;
			sourceTree = "<group>";
		};
/* End PBXGroup section */

/* Begin PBXNativeTarget section */
		0ADF1873178E2185005DA99E /* nosfuratu */ = {
			isa = PBXNativeTarget;
			buildConfigurationList = 0ADF18A2178E2185005DA99E /* Build configuration list for PBXNativeTarget "nosfuratu" */;
			buildPhases = (
				0ADF1870178E2185005DA99E /* Sources */,
				0ADF1871178E2185005DA99E /* Frameworks */,
				0ADF1872178E2185005DA99E /* Resources */,
			);
			buildRules = (
			);
			dependencies = (
			);
			name = nosfuratu;
			productName = airhockey;
			productReference = 0ADF1874178E2185005DA99E /* NosFURatu.app */;
			productType = "com.apple.product-type.application";
		};
/* End PBXNativeTarget section */

/* Begin PBXProject section */
		0ADF186C178E2185005DA99E /* Project object */ = {
			isa = PBXProject;
			attributes = {
				LastUpgradeCheck = 0460;
				ORGANIZATIONNAME = "Gowen Game Dev";
				TargetAttributes = {
					0ADF1873178E2185005DA99E = {
						DevelopmentTeam = 83V22B9TY9;
					};
				};
			};
			buildConfigurationList = 0ADF186F178E2185005DA99E /* Build configuration list for PBXProject "nosfuratu" */;
			compatibilityVersion = "Xcode 3.2";
			developmentRegion = English;
			hasScannedForEncodings = 0;
			knownRegions = (
				en,
			);
			mainGroup = 0ADF186B178E2185005DA99E;
			productRefGroup = 0ADF1875178E2185005DA99E /* Products */;
			projectDirPath = "";
			projectRoot = "";
			targets = (
				0ADF1873178E2185005DA99E /* nosfuratu */,
			);
		};
/* End PBXProject section */

/* Begin PBXResourcesBuildPhase section */
		0ADF1872178E2185005DA99E /* Resources */ = {
			isa = PBXResourcesBuildPhase;
			buildActionMask = 2147483647;
			files = (
				BB59B1AE1B94AC8900445BB9 /* texture_shader.fsh in Resources */,
				BB59B1B01B94AC8900445BB9 /* texture_vert_flip_shader.vsh in Resources */,
				0ADF1886178E2185005DA99E /* InfoPlist.strings in Resources */,
				BBA6492219B5FED100023E5A /* Images.xcassets in Resources */,
				BB59B1A01B94AC8900445BB9 /* color_shader.fsh in Resources */,
				BB74E80718C2541F007C223E /* Localizable.strings in Resources */,
				BB59B1A11B94AC8900445BB9 /* color_shader.vsh in Resources */,
				BBA4C48A1A17277C00AB3878 /* background_texture.png in Resources */,
				0ADF1895178E2185005DA99E /* MainStoryboard_iPhone.storyboard in Resources */,
				BB59B1AF1B94AC8900445BB9 /* texture_shader.vsh in Resources */,
				0ADF1898178E2185005DA99E /* MainStoryboard_iPad.storyboard in Resources */,
			);
			runOnlyForDeploymentPostprocessing = 0;
		};
/* End PBXResourcesBuildPhase section */

/* Begin PBXSourcesBuildPhase section */
		0ADF1870178E2185005DA99E /* Sources */ = {
			isa = PBXSourcesBuildPhase;
			buildActionMask = 2147483647;
			files = (
				BB59B18E1B94AC8900445BB9 /* CircleBatcher.cpp in Sources */,
				BB59B19D1B94AC8900445BB9 /* GpuProgramWrapper.cpp in Sources */,
				BB59B1B51B94AC8900445BB9 /* TouchEvent.cpp in Sources */,
				BB59B19F1B94AC8900445BB9 /* asset_utils.c in Sources */,
				BB7305DB189C598D009F6DF4 /* Music.m in Sources */,
				BB59B1811B94AC8900445BB9 /* Line.cpp in Sources */,
				BB5C577B19B9F87700AD76E7 /* GameViewController.mm in Sources */,
				BB59B1841B94AC8900445BB9 /* Triangle.cpp in Sources */,
				0A8FBF8D179E07440039BA29 /* platform_asset_utils.m in Sources */,
				BB59B1AC1B94AC8900445BB9 /* shader.c in Sources */,
				BB59B1AD1B94AC8900445BB9 /* texture.c in Sources */,
				BB59B19B1B94AC8900445BB9 /* DummyGpuProgramWrapper.cpp in Sources */,
				BB59B1A41B94AC8900445BB9 /* OpenGLESCircleBatcher.cpp in Sources */,
				BB59B1A21B94AC8900445BB9 /* ColorProgram.cpp in Sources */,
				0A8FBF8E179E07440039BA29 /* AppDelegate.m in Sources */,
				0A8FBF90179E07440039BA29 /* main.m in Sources */,
				0A8FBF7C179E07320039BA29 /* png.c in Sources */,
				0A8FBF7D179E07320039BA29 /* pngerror.c in Sources */,
				BB59B1B21B94AC8900445BB9 /* RectangleBatcher.cpp in Sources */,
				BB59B1AB1B94AC8900445BB9 /* platform_file_utils.c in Sources */,
				0A8FBF7E179E07320039BA29 /* pngget.c in Sources */,
				BB59B1B61B94AC8900445BB9 /* Assets.cpp in Sources */,
				0A8FBF7F179E07320039BA29 /* pngmem.c in Sources */,
				0A8FBF80179E07320039BA29 /* pngpread.c in Sources */,
				BB59B1B31B94AC8900445BB9 /* SpriteBatcher.cpp in Sources */,
				BB59B1791B94AC8900445BB9 /* EntityManager.cpp in Sources */,
				BB59B1AA1B94AC8900445BB9 /* OpenGLESTextureGpuProgramWrapper.cpp in Sources */,
				BB59B1B91B94AC8900445BB9 /* GameScreen.cpp in Sources */,
				BB59B1831B94AC8900445BB9 /* Rectangle.cpp in Sources */,
				0A8FBF81179E07320039BA29 /* pngread.c in Sources */,
				BB59B1BF1B94AC8900445BB9 /* Renderer.cpp in Sources */,
				0A8FBF82179E07320039BA29 /* pngrio.c in Sources */,
				BB59B1A91B94AC8900445BB9 /* OpenGLESSpriteBatcher.cpp in Sources */,
				0A8FBF83179E07320039BA29 /* pngrtran.c in Sources */,
				BB59B1BC1B94AC8900445BB9 /* IOSOpenGLESGameScreen.cpp in Sources */,
				0A8FBF84179E07320039BA29 /* pngrutil.c in Sources */,
				BB7305DC189C598D009F6DF4 /* Sound.m in Sources */,
				0A8FBF85179E07320039BA29 /* pngset.c in Sources */,
				BB59B1A51B94AC8900445BB9 /* OpenGLESGeometryGpuProgramWrapper.cpp in Sources */,
				BB59B17A1B94AC8900445BB9 /* PhysicalEntity.cpp in Sources */,
				BB59B19C1B94AC8900445BB9 /* Font.cpp in Sources */,
				BB59B1A81B94AC8900445BB9 /* OpenGLESRectangleBatcher.cpp in Sources */,
				BB59B1821B94AC8900445BB9 /* OverlapTester.cpp in Sources */,
				BB59B1851B94AC8900445BB9 /* Vector2D.cpp in Sources */,
				0A8FBF86179E07320039BA29 /* pngtrans.c in Sources */,
				BB59B1BB1B94AC8900445BB9 /* IOS8OpenGLESGameScreen.cpp in Sources */,
				BB59B1A31B94AC8900445BB9 /* image.c in Sources */,
				BB59B1A61B94AC8900445BB9 /* OpenGLESLineBatcher.cpp in Sources */,
				0A8FBF87179E07320039BA29 /* pngwio.c in Sources */,
				BB81B1BD19BE1A1800548837 /* GGDDeviceUtil.m in Sources */,
				BB59B1BE1B94AC8900445BB9 /* OpenGLESRenderer.cpp in Sources */,
				BB59B1781B94AC8900445BB9 /* Entity.cpp in Sources */,
				0A8FBF88179E07320039BA29 /* pngwrite.c in Sources */,
				0A8FBF89179E07320039BA29 /* pngwtran.c in Sources */,
				BB59B1B11B94AC8900445BB9 /* TextureProgram.cpp in Sources */,
				BB59B1B41B94AC8900445BB9 /* TextureRegion.cpp in Sources */,
				BB59B1BD1B94AC8900445BB9 /* OpenGLESGameScreen.cpp in Sources */,
				BB59B1A71B94AC8900445BB9 /* OpenGLESManager.cpp in Sources */,
				0A8FBF8A179E07320039BA29 /* pngwutil.c in Sources */,
				BB59B1801B94AC8900445BB9 /* Circle.cpp in Sources */,
				BB59B19E1B94AC8900445BB9 /* LineBatcher.cpp in Sources */,
			);
			runOnlyForDeploymentPostprocessing = 0;
		};
/* End PBXSourcesBuildPhase section */

/* Begin PBXVariantGroup section */
		0ADF1884178E2185005DA99E /* InfoPlist.strings */ = {
			isa = PBXVariantGroup;
			children = (
				0ADF1885178E2185005DA99E /* en */,
			);
			name = InfoPlist.strings;
			sourceTree = "<group>";
		};
		0ADF1893178E2185005DA99E /* MainStoryboard_iPhone.storyboard */ = {
			isa = PBXVariantGroup;
			children = (
				0ADF1894178E2185005DA99E /* en */,
			);
			name = MainStoryboard_iPhone.storyboard;
			sourceTree = "<group>";
		};
		0ADF1896178E2185005DA99E /* MainStoryboard_iPad.storyboard */ = {
			isa = PBXVariantGroup;
			children = (
				0ADF1897178E2185005DA99E /* en */,
			);
			name = MainStoryboard_iPad.storyboard;
			sourceTree = "<group>";
		};
		BB74E80518C2541F007C223E /* Localizable.strings */ = {
			isa = PBXVariantGroup;
			children = (
				BB74E80618C2541F007C223E /* en */,
			);
			name = Localizable.strings;
			sourceTree = "<group>";
		};
/* End PBXVariantGroup section */

/* Begin XCBuildConfiguration section */
		0ADF18A0178E2185005DA99E /* Debug */ = {
			isa = XCBuildConfiguration;
			buildSettings = {
				ALWAYS_SEARCH_USER_PATHS = NO;
				CLANG_CXX_LANGUAGE_STANDARD = "c++0x";
				CLANG_CXX_LIBRARY = "libc++";
				CLANG_ENABLE_OBJC_ARC = YES;
				CLANG_WARN_CONSTANT_CONVERSION = YES;
				CLANG_WARN_EMPTY_BODY = YES;
				CLANG_WARN_ENUM_CONVERSION = YES;
				CLANG_WARN_INT_CONVERSION = YES;
				CLANG_WARN__DUPLICATE_METHOD_MATCH = YES;
				"CODE_SIGN_IDENTITY[sdk=iphoneos*]" = "iPhone Developer";
				COPY_PHASE_STRIP = NO;
				GCC_C_LANGUAGE_STANDARD = c11;
				GCC_DYNAMIC_NO_PIC = NO;
				GCC_OPTIMIZATION_LEVEL = 0;
				GCC_PREPROCESSOR_DEFINITIONS = (
					"DEBUG=1",
					"$(inherited)",
				);
				GCC_SYMBOLS_PRIVATE_EXTERN = NO;
				GCC_WARN_ABOUT_RETURN_TYPE = YES;
				GCC_WARN_UNINITIALIZED_AUTOS = YES;
				GCC_WARN_UNUSED_VARIABLE = YES;
				IPHONEOS_DEPLOYMENT_TARGET = 7.0;
				ONLY_ACTIVE_ARCH = YES;
				OTHER_LDFLAGS = "-std=c++0x";
				SDKROOT = iphoneos;
				TARGETED_DEVICE_FAMILY = "1,2";
			};
			name = Debug;
		};
		0ADF18A1178E2185005DA99E /* Release */ = {
			isa = XCBuildConfiguration;
			buildSettings = {
				ALWAYS_SEARCH_USER_PATHS = NO;
				CLANG_CXX_LANGUAGE_STANDARD = "c++0x";
				CLANG_CXX_LIBRARY = "libc++";
				CLANG_ENABLE_OBJC_ARC = YES;
				CLANG_WARN_CONSTANT_CONVERSION = YES;
				CLANG_WARN_EMPTY_BODY = YES;
				CLANG_WARN_ENUM_CONVERSION = YES;
				CLANG_WARN_INT_CONVERSION = YES;
				CLANG_WARN__DUPLICATE_METHOD_MATCH = YES;
				"CODE_SIGN_IDENTITY[sdk=iphoneos*]" = "iPhone Developer";
				COPY_PHASE_STRIP = YES;
				GCC_C_LANGUAGE_STANDARD = c11;
				GCC_PREPROCESSOR_DEFINITIONS = "";
				GCC_WARN_ABOUT_RETURN_TYPE = YES;
				GCC_WARN_UNINITIALIZED_AUTOS = YES;
				GCC_WARN_UNUSED_VARIABLE = YES;
				IPHONEOS_DEPLOYMENT_TARGET = 7.0;
				OTHER_CFLAGS = "-DNS_BLOCK_ASSERTIONS=1";
				OTHER_LDFLAGS = "-std=c++0x";
				SDKROOT = iphoneos;
				TARGETED_DEVICE_FAMILY = "1,2";
				VALIDATE_PRODUCT = YES;
			};
			name = Release;
		};
		0ADF18A3178E2185005DA99E /* Debug */ = {
			isa = XCBuildConfiguration;
			buildSettings = {
				ASSETCATALOG_COMPILER_APPICON_NAME = AppIcon;
				ASSETCATALOG_COMPILER_LAUNCHIMAGE_NAME = LaunchImage;
				CLANG_CXX_LANGUAGE_STANDARD = "c++0x";
				CLANG_WARN_CXX0X_EXTENSIONS = YES;
				CODE_SIGN_IDENTITY = "iPhone Developer";
				"CODE_SIGN_IDENTITY[sdk=iphoneos*]" = "iPhone Developer: Stephen Gowen (8S5X8SQ245)";
				COMPRESS_PNG_FILES = NO;
				FRAMEWORK_SEARCH_PATHS = "\"$(SRCROOT)/../../3rdparty\"/**";
				GCC_C_LANGUAGE_STANDARD = c11;
				GCC_PRECOMPILE_PREFIX_HEADER = YES;
				GCC_PREFIX_HEADER = "nosfuratu-Prefix.pch";
				GCC_PREPROCESSOR_DEFINITIONS = (
					GGD_OPENGL_ES,
					"DEBUG=1",
					GGD_IOS,
				);
				HEADER_SEARCH_PATHS = (
					"\"$(SRCROOT)/../../core\"/**",
					"\"$(SRCROOT)/../../3rdparty\"/**",
				);
				INFOPLIST_FILE = "nosfuratu-Info.plist";
				IPHONEOS_DEPLOYMENT_TARGET = 7.0;
				LIBRARY_SEARCH_PATHS = "";
				ONLY_ACTIVE_ARCH = YES;
				OTHER_LDFLAGS = (
					"-std=c++0x",
					"-lstdc++",
					"-ObjC",
				);
				PRODUCT_NAME = NosFURatu;
				PROVISIONING_PROFILE = "a19d12c0-669a-417e-ad83-407b979769ce";
				TARGETED_DEVICE_FAMILY = "1,2";
				VALID_ARCHS = "armv7 armv7s arm64";
				WRAPPER_EXTENSION = app;
			};
			name = Debug;
		};
		0ADF18A4178E2185005DA99E /* Release */ = {
			isa = XCBuildConfiguration;
			buildSettings = {
				ASSETCATALOG_COMPILER_APPICON_NAME = AppIcon;
				ASSETCATALOG_COMPILER_LAUNCHIMAGE_NAME = LaunchImage;
				CLANG_CXX_LANGUAGE_STANDARD = "c++0x";
				CLANG_WARN_CXX0X_EXTENSIONS = YES;
				CODE_SIGN_IDENTITY = "iPhone Developer";
				"CODE_SIGN_IDENTITY[sdk=iphoneos*]" = "iPhone Distribution: Stephen Gowen (83V22B9TY9)";
				COMPRESS_PNG_FILES = NO;
				FRAMEWORK_SEARCH_PATHS = "\"$(SRCROOT)/../../3rdparty\"/**";
				GCC_C_LANGUAGE_STANDARD = c11;
				GCC_PRECOMPILE_PREFIX_HEADER = YES;
				GCC_PREFIX_HEADER = "nosfuratu-Prefix.pch";
				GCC_PREPROCESSOR_DEFINITIONS = (
					GGD_OPENGL_ES,
					GGD_IOS,
				);
				HEADER_SEARCH_PATHS = (
					"\"$(SRCROOT)/../../core\"/**",
					"\"$(SRCROOT)/../../3rdparty\"/**",
				);
				INFOPLIST_FILE = "nosfuratu-Info.plist";
				IPHONEOS_DEPLOYMENT_TARGET = 7.0;
				LIBRARY_SEARCH_PATHS = "";
				ONLY_ACTIVE_ARCH = NO;
				OTHER_LDFLAGS = (
					"-std=c++0x",
					"-lstdc++",
					"-ObjC",
				);
				PRODUCT_NAME = NosFURatu;
				PROVISIONING_PROFILE = "e77c6cd4-db3c-4482-bbec-7a80dc4407e9";
				TARGETED_DEVICE_FAMILY = "1,2";
				VALID_ARCHS = "armv7 armv7s arm64";
				WRAPPER_EXTENSION = app;
			};
			name = Release;
		};
/* End XCBuildConfiguration section */

/* Begin XCConfigurationList section */
		0ADF186F178E2185005DA99E /* Build configuration list for PBXProject "nosfuratu" */ = {
			isa = XCConfigurationList;
			buildConfigurations = (
				0ADF18A0178E2185005DA99E /* Debug */,
				0ADF18A1178E2185005DA99E /* Release */,
			);
			defaultConfigurationIsVisible = 0;
			defaultConfigurationName = Release;
		};
		0ADF18A2178E2185005DA99E /* Build configuration list for PBXNativeTarget "nosfuratu" */ = {
			isa = XCConfigurationList;
			buildConfigurations = (
				0ADF18A3178E2185005DA99E /* Debug */,
				0ADF18A4178E2185005DA99E /* Release */,
			);
			defaultConfigurationIsVisible = 0;
			defaultConfigurationName = Release;
		};
/* End XCConfigurationList section */
	};
	rootObject = 0ADF186C178E2185005DA99E /* Project object */;
}
